// !$*UTF8*$!
{
	archiveVersion = 1;
	classes = {
	};
	objectVersion = 50;
	objects = {

/* Begin PBXBuildFile section */
		AE0178EB20D8DDA600AAF9AB /* UniversalApi.h in Headers */ = {isa = PBXBuildFile; fileRef = AE0178E920D8DDA600AAF9AB /* UniversalApi.h */; settings = {ATTRIBUTES = (Public, ); }; };
		AE01797920D8DDF000AAF9AB /* NSMutableDictionary+SafeSet.m in Sources */ = {isa = PBXBuildFile; fileRef = AE0178F320D8DDF000AAF9AB /* NSMutableDictionary+SafeSet.m */; };
		AE01797A20D8DDF000AAF9AB /* UIPanGestureRecognizer+Category.m in Sources */ = {isa = PBXBuildFile; fileRef = AE0178F420D8DDF000AAF9AB /* UIPanGestureRecognizer+Category.m */; };
		AE01797B20D8DDF000AAF9AB /* NSString+Category.h in Headers */ = {isa = PBXBuildFile; fileRef = AE0178F520D8DDF000AAF9AB /* NSString+Category.h */; settings = {ATTRIBUTES = (Public, ); }; };
		AE01797C20D8DDF000AAF9AB /* NSString+Assistant.h in Headers */ = {isa = PBXBuildFile; fileRef = AE0178F620D8DDF000AAF9AB /* NSString+Assistant.h */; settings = {ATTRIBUTES = (Public, ); }; };
		AE01797D20D8DDF000AAF9AB /* UINavigationController+FDFullscreenPopGesture.h in Headers */ = {isa = PBXBuildFile; fileRef = AE0178F720D8DDF000AAF9AB /* UINavigationController+FDFullscreenPopGesture.h */; settings = {ATTRIBUTES = (Public, ); }; };
		AE01797E20D8DDF000AAF9AB /* NSObject+RuntimeLog.m in Sources */ = {isa = PBXBuildFile; fileRef = AE0178F820D8DDF000AAF9AB /* NSObject+RuntimeLog.m */; };
		AE01797F20D8DDF000AAF9AB /* UIImage+Category.m in Sources */ = {isa = PBXBuildFile; fileRef = AE0178F920D8DDF000AAF9AB /* UIImage+Category.m */; };
		AE01798020D8DDF000AAF9AB /* UITextView+Placeholder.m in Sources */ = {isa = PBXBuildFile; fileRef = AE0178FA20D8DDF000AAF9AB /* UITextView+Placeholder.m */; };
		AE01798120D8DDF000AAF9AB /* UIColor+Hex.m in Sources */ = {isa = PBXBuildFile; fileRef = AE0178FB20D8DDF000AAF9AB /* UIColor+Hex.m */; };
		AE01798320D8DDF000AAF9AB /* UIApplication+Facade.m in Sources */ = {isa = PBXBuildFile; fileRef = AE0178FD20D8DDF000AAF9AB /* UIApplication+Facade.m */; };
		AE01798420D8DDF000AAF9AB /* UIImage+ImageEffects.h in Headers */ = {isa = PBXBuildFile; fileRef = AE0178FE20D8DDF000AAF9AB /* UIImage+ImageEffects.h */; settings = {ATTRIBUTES = (Public, ); }; };
		AE01798520D8DDF000AAF9AB /* UIButton+Category.m in Sources */ = {isa = PBXBuildFile; fileRef = AE0178FF20D8DDF000AAF9AB /* UIButton+Category.m */; };
		AE01798620D8DDF000AAF9AB /* UITextField+Category.h in Headers */ = {isa = PBXBuildFile; fileRef = AE01790020D8DDF000AAF9AB /* UITextField+Category.h */; settings = {ATTRIBUTES = (Public, ); }; };
		AE01798720D8DDF000AAF9AB /* UIView+Category.m in Sources */ = {isa = PBXBuildFile; fileRef = AE01790120D8DDF000AAF9AB /* UIView+Category.m */; };
		AE01798820D8DDF000AAF9AB /* UIControl+Category.m in Sources */ = {isa = PBXBuildFile; fileRef = AE01790220D8DDF000AAF9AB /* UIControl+Category.m */; };
		AE01798920D8DDF000AAF9AB /* UISlider+Category.m in Sources */ = {isa = PBXBuildFile; fileRef = AE01790320D8DDF000AAF9AB /* UISlider+Category.m */; };
		AE01798A20D8DDF000AAF9AB /* UIWindow+Category.h in Headers */ = {isa = PBXBuildFile; fileRef = AE01790420D8DDF000AAF9AB /* UIWindow+Category.h */; settings = {ATTRIBUTES = (Public, ); }; };
		AE01798B20D8DDF000AAF9AB /* UIButton+SGImagePosition.m in Sources */ = {isa = PBXBuildFile; fileRef = AE01790520D8DDF000AAF9AB /* UIButton+SGImagePosition.m */; };
		AE01798C20D8DDF000AAF9AB /* UIView+Toast.h in Headers */ = {isa = PBXBuildFile; fileRef = AE01790620D8DDF000AAF9AB /* UIView+Toast.h */; settings = {ATTRIBUTES = (Public, ); }; };
		AE01798D20D8DDF000AAF9AB /* UIViewController+Facade.h in Headers */ = {isa = PBXBuildFile; fileRef = AE01790720D8DDF000AAF9AB /* UIViewController+Facade.h */; settings = {ATTRIBUTES = (Public, ); }; };
		AE01798E20D8DDF000AAF9AB /* NSIndexPath+Category.m in Sources */ = {isa = PBXBuildFile; fileRef = AE01790820D8DDF000AAF9AB /* NSIndexPath+Category.m */; };
		AE01798F20D8DDF000AAF9AB /* UILabel+Attributed.m in Sources */ = {isa = PBXBuildFile; fileRef = AE01790920D8DDF000AAF9AB /* UILabel+Attributed.m */; };
		AE01799020D8DDF000AAF9AB /* UIAlertController+Category.m in Sources */ = {isa = PBXBuildFile; fileRef = AE01790A20D8DDF000AAF9AB /* UIAlertController+Category.m */; };
		AE01799120D8DDF000AAF9AB /* NSDate+NSString.m in Sources */ = {isa = PBXBuildFile; fileRef = AE01790B20D8DDF000AAF9AB /* NSDate+NSString.m */; };
		AE01799220D8DDF000AAF9AB /* NSString+NSURL_FOR_HTTP.m in Sources */ = {isa = PBXBuildFile; fileRef = AE01790C20D8DDF000AAF9AB /* NSString+NSURL_FOR_HTTP.m */; };
		AE01799320D8DDF000AAF9AB /* UIViewController+BackButtonHandler.m in Sources */ = {isa = PBXBuildFile; fileRef = AE01790D20D8DDF000AAF9AB /* UIViewController+BackButtonHandler.m */; };
		AE01799420D8DDF000AAF9AB /* UICollectionView+Category.m in Sources */ = {isa = PBXBuildFile; fileRef = AE01790E20D8DDF000AAF9AB /* UICollectionView+Category.m */; };
		AE01799520D8DDF000AAF9AB /* NSURLSessionTask+Category.h in Headers */ = {isa = PBXBuildFile; fileRef = AE01790F20D8DDF000AAF9AB /* NSURLSessionTask+Category.h */; settings = {ATTRIBUTES = (Public, ); }; };
		AE01799620D8DDF000AAF9AB /* NSArray+Format.h in Headers */ = {isa = PBXBuildFile; fileRef = AE01791020D8DDF000AAF9AB /* NSArray+Format.h */; settings = {ATTRIBUTES = (Public, ); }; };
		AE01799720D8DDF000AAF9AB /* NSString+Assistant.m in Sources */ = {isa = PBXBuildFile; fileRef = AE01791120D8DDF000AAF9AB /* NSString+Assistant.m */; };
		AE01799820D8DDF000AAF9AB /* NSString+Category.m in Sources */ = {isa = PBXBuildFile; fileRef = AE01791220D8DDF000AAF9AB /* NSString+Category.m */; };
		AE01799920D8DDF000AAF9AB /* UIPanGestureRecognizer+Category.h in Headers */ = {isa = PBXBuildFile; fileRef = AE01791320D8DDF000AAF9AB /* UIPanGestureRecognizer+Category.h */; settings = {ATTRIBUTES = (Public, ); }; };
		AE01799A20D8DDF000AAF9AB /* NSMutableDictionary+SafeSet.h in Headers */ = {isa = PBXBuildFile; fileRef = AE01791420D8DDF000AAF9AB /* NSMutableDictionary+SafeSet.h */; settings = {ATTRIBUTES = (Public, ); }; };
		AE01799B20D8DDF000AAF9AB /* UIColor+Hex.h in Headers */ = {isa = PBXBuildFile; fileRef = AE01791520D8DDF000AAF9AB /* UIColor+Hex.h */; settings = {ATTRIBUTES = (Public, ); }; };
		AE01799C20D8DDF000AAF9AB /* UITextView+Placeholder.h in Headers */ = {isa = PBXBuildFile; fileRef = AE01791620D8DDF000AAF9AB /* UITextView+Placeholder.h */; settings = {ATTRIBUTES = (Public, ); }; };
		AE01799D20D8DDF000AAF9AB /* UIImage+Category.h in Headers */ = {isa = PBXBuildFile; fileRef = AE01791720D8DDF000AAF9AB /* UIImage+Category.h */; settings = {ATTRIBUTES = (Public, ); }; };
		AE01799E20D8DDF000AAF9AB /* NSObject+RuntimeLog.h in Headers */ = {isa = PBXBuildFile; fileRef = AE01791820D8DDF000AAF9AB /* NSObject+RuntimeLog.h */; settings = {ATTRIBUTES = (Public, ); }; };
		AE01799F20D8DDF000AAF9AB /* UINavigationController+FDFullscreenPopGesture.m in Sources */ = {isa = PBXBuildFile; fileRef = AE01791920D8DDF000AAF9AB /* UINavigationController+FDFullscreenPopGesture.m */; };
		AE0179A020D8DDF000AAF9AB /* UIButton+SGImagePosition.h in Headers */ = {isa = PBXBuildFile; fileRef = AE01791A20D8DDF000AAF9AB /* UIButton+SGImagePosition.h */; settings = {ATTRIBUTES = (Public, ); }; };
		AE0179A120D8DDF000AAF9AB /* UIWindow+Category.m in Sources */ = {isa = PBXBuildFile; fileRef = AE01791B20D8DDF000AAF9AB /* UIWindow+Category.m */; };
		AE0179A220D8DDF000AAF9AB /* UIControl+Category.h in Headers */ = {isa = PBXBuildFile; fileRef = AE01791C20D8DDF000AAF9AB /* UIControl+Category.h */; settings = {ATTRIBUTES = (Public, ); }; };
		AE0179A320D8DDF000AAF9AB /* UISlider+Category.h in Headers */ = {isa = PBXBuildFile; fileRef = AE01791D20D8DDF000AAF9AB /* UISlider+Category.h */; settings = {ATTRIBUTES = (Public, ); }; };
		AE0179A420D8DDF000AAF9AB /* UIView+Category.h in Headers */ = {isa = PBXBuildFile; fileRef = AE01791E20D8DDF000AAF9AB /* UIView+Category.h */; settings = {ATTRIBUTES = (Public, ); }; };
		AE0179A520D8DDF000AAF9AB /* UITextField+Category.m in Sources */ = {isa = PBXBuildFile; fileRef = AE01791F20D8DDF000AAF9AB /* UITextField+Category.m */; };
		AE0179A620D8DDF000AAF9AB /* UIButton+Category.h in Headers */ = {isa = PBXBuildFile; fileRef = AE01792020D8DDF000AAF9AB /* UIButton+Category.h */; settings = {ATTRIBUTES = (Public, ); }; };
		AE0179A720D8DDF000AAF9AB /* UIImage+ImageEffects.m in Sources */ = {isa = PBXBuildFile; fileRef = AE01792120D8DDF000AAF9AB /* UIImage+ImageEffects.m */; };
		AE0179A920D8DDF000AAF9AB /* UIApplication+Facade.h in Headers */ = {isa = PBXBuildFile; fileRef = AE01792320D8DDF000AAF9AB /* UIApplication+Facade.h */; settings = {ATTRIBUTES = (Public, ); }; };
		AE0179AA20D8DDF000AAF9AB /* NSArray+Format.m in Sources */ = {isa = PBXBuildFile; fileRef = AE01792420D8DDF000AAF9AB /* NSArray+Format.m */; };
		AE0179AB20D8DDF000AAF9AB /* NSURLSessionTask+Category.m in Sources */ = {isa = PBXBuildFile; fileRef = AE01792520D8DDF000AAF9AB /* NSURLSessionTask+Category.m */; };
		AE0179AC20D8DDF000AAF9AB /* UICollectionView+Category.h in Headers */ = {isa = PBXBuildFile; fileRef = AE01792620D8DDF000AAF9AB /* UICollectionView+Category.h */; settings = {ATTRIBUTES = (Public, ); }; };
		AE0179AD20D8DDF000AAF9AB /* UIViewController+BackButtonHandler.h in Headers */ = {isa = PBXBuildFile; fileRef = AE01792720D8DDF000AAF9AB /* UIViewController+BackButtonHandler.h */; settings = {ATTRIBUTES = (Public, ); }; };
		AE0179AE20D8DDF000AAF9AB /* NSDate+NSString.h in Headers */ = {isa = PBXBuildFile; fileRef = AE01792820D8DDF000AAF9AB /* NSDate+NSString.h */; settings = {ATTRIBUTES = (Public, ); }; };
		AE0179AF20D8DDF000AAF9AB /* NSString+NSURL_FOR_HTTP.h in Headers */ = {isa = PBXBuildFile; fileRef = AE01792920D8DDF000AAF9AB /* NSString+NSURL_FOR_HTTP.h */; settings = {ATTRIBUTES = (Public, ); }; };
		AE0179B020D8DDF000AAF9AB /* UILabel+Attributed.h in Headers */ = {isa = PBXBuildFile; fileRef = AE01792A20D8DDF000AAF9AB /* UILabel+Attributed.h */; settings = {ATTRIBUTES = (Public, ); }; };
		AE0179B120D8DDF000AAF9AB /* UIAlertController+Category.h in Headers */ = {isa = PBXBuildFile; fileRef = AE01792B20D8DDF000AAF9AB /* UIAlertController+Category.h */; settings = {ATTRIBUTES = (Public, ); }; };
		AE0179B220D8DDF000AAF9AB /* UIViewController+Facade.m in Sources */ = {isa = PBXBuildFile; fileRef = AE01792C20D8DDF000AAF9AB /* UIViewController+Facade.m */; };
		AE0179B320D8DDF000AAF9AB /* NSIndexPath+Category.h in Headers */ = {isa = PBXBuildFile; fileRef = AE01792D20D8DDF000AAF9AB /* NSIndexPath+Category.h */; settings = {ATTRIBUTES = (Public, ); }; };
		AE0179B420D8DDF000AAF9AB /* UIView+Toast.m in Sources */ = {isa = PBXBuildFile; fileRef = AE01792E20D8DDF000AAF9AB /* UIView+Toast.m */; };
		AE0179B520D8DDF000AAF9AB /* Runs.h in Headers */ = {isa = PBXBuildFile; fileRef = AE01792F20D8DDF000AAF9AB /* Runs.h */; settings = {ATTRIBUTES = (Private, ); }; };
		AE0179B620D8DDF000AAF9AB /* RunsMacroConstant.h in Headers */ = {isa = PBXBuildFile; fileRef = AE01793120D8DDF000AAF9AB /* RunsMacroConstant.h */; settings = {ATTRIBUTES = (Public, ); }; };
		AE0179B720D8DDF000AAF9AB /* Reachability.m in Sources */ = {isa = PBXBuildFile; fileRef = AE01793320D8DDF000AAF9AB /* Reachability.m */; };
		AE0179B820D8DDF000AAF9AB /* RunsExpandButton.h in Headers */ = {isa = PBXBuildFile; fileRef = AE01793420D8DDF000AAF9AB /* RunsExpandButton.h */; settings = {ATTRIBUTES = (Public, ); }; };
		AE0179C220D8DDF000AAF9AB /* BFMission.h in Headers */ = {isa = PBXBuildFile; fileRef = AE01793F20D8DDF000AAF9AB /* BFMission.h */; settings = {ATTRIBUTES = (Public, ); }; };
		AE0179C320D8DDF000AAF9AB /* RunsNetworkMonitor.m in Sources */ = {isa = PBXBuildFile; fileRef = AE01794120D8DDF000AAF9AB /* RunsNetworkMonitor.m */; };
		AE0179C420D8DDF000AAF9AB /* RunsNetSpeedMeasurer.m in Sources */ = {isa = PBXBuildFile; fileRef = AE01794220D8DDF000AAF9AB /* RunsNetSpeedMeasurer.m */; };
		AE0179C520D8DDF000AAF9AB /* RunsNetworkMonitor.h in Headers */ = {isa = PBXBuildFile; fileRef = AE01794320D8DDF000AAF9AB /* RunsNetworkMonitor.h */; settings = {ATTRIBUTES = (Public, ); }; };
		AE0179C620D8DDF000AAF9AB /* RunsNetSpeedMeasurer.h in Headers */ = {isa = PBXBuildFile; fileRef = AE01794420D8DDF000AAF9AB /* RunsNetSpeedMeasurer.h */; settings = {ATTRIBUTES = (Public, ); }; };
		AE0179C720D8DDF000AAF9AB /* BFTimer.h in Headers */ = {isa = PBXBuildFile; fileRef = AE01794520D8DDF000AAF9AB /* BFTimer.h */; settings = {ATTRIBUTES = (Public, ); }; };
		AE0179C820D8DDF000AAF9AB /* BFWorker.m in Sources */ = {isa = PBXBuildFile; fileRef = AE01794620D8DDF000AAF9AB /* BFWorker.m */; };
		AE0179C920D8DDF000AAF9AB /* EasyObserver.h in Headers */ = {isa = PBXBuildFile; fileRef = AE01794720D8DDF000AAF9AB /* EasyObserver.h */; settings = {ATTRIBUTES = (Public, ); }; };
		AE0179CB20D8DDF000AAF9AB /* RunsAttributesLabel.h in Headers */ = {isa = PBXBuildFile; fileRef = AE01794920D8DDF000AAF9AB /* RunsAttributesLabel.h */; settings = {ATTRIBUTES = (Public, ); }; };
		AE0179CC20D8DDF000AAF9AB /* GKSimpleAPI.h in Headers */ = {isa = PBXBuildFile; fileRef = AE01794A20D8DDF000AAF9AB /* GKSimpleAPI.h */; settings = {ATTRIBUTES = (Public, ); }; };
		AE0179CD20D8DDF000AAF9AB /* RunsExpandButton.m in Sources */ = {isa = PBXBuildFile; fileRef = AE01794B20D8DDF000AAF9AB /* RunsExpandButton.m */; };
		AE0179CE20D8DDF000AAF9AB /* Reachability.h in Headers */ = {isa = PBXBuildFile; fileRef = AE01794C20D8DDF000AAF9AB /* Reachability.h */; settings = {ATTRIBUTES = (Public, ); }; };
		AE0179CF20D8DDF000AAF9AB /* RunsHttpAssistant.h in Headers */ = {isa = PBXBuildFile; fileRef = AE01794E20D8DDF000AAF9AB /* RunsHttpAssistant.h */; settings = {ATTRIBUTES = (Public, ); }; };
		AE0179D020D8DDF000AAF9AB /* RunsHttpSessionProxy.m in Sources */ = {isa = PBXBuildFile; fileRef = AE01794F20D8DDF000AAF9AB /* RunsHttpSessionProxy.m */; };
		AE0179D120D8DDF000AAF9AB /* RunsHttpSessionResponse.h in Headers */ = {isa = PBXBuildFile; fileRef = AE01795020D8DDF000AAF9AB /* RunsHttpSessionResponse.h */; settings = {ATTRIBUTES = (Public, ); }; };
		AE0179D220D8DDF000AAF9AB /* RunsHttpDownloadSession.h in Headers */ = {isa = PBXBuildFile; fileRef = AE01795120D8DDF000AAF9AB /* RunsHttpDownloadSession.h */; settings = {ATTRIBUTES = (Public, ); }; };
		AE0179D320D8DDF000AAF9AB /* RunsHttpSessionProtocol.h in Headers */ = {isa = PBXBuildFile; fileRef = AE01795220D8DDF000AAF9AB /* RunsHttpSessionProtocol.h */; settings = {ATTRIBUTES = (Public, ); }; };
		AE0179D420D8DDF000AAF9AB /* RunsHttpSessionProxy.h in Headers */ = {isa = PBXBuildFile; fileRef = AE01795320D8DDF000AAF9AB /* RunsHttpSessionProxy.h */; settings = {ATTRIBUTES = (Public, ); }; };
		AE0179D520D8DDF000AAF9AB /* RunsHttpAssistant.m in Sources */ = {isa = PBXBuildFile; fileRef = AE01795420D8DDF000AAF9AB /* RunsHttpAssistant.m */; };
		AE0179D620D8DDF000AAF9AB /* RunsHttpDownloadSession.m in Sources */ = {isa = PBXBuildFile; fileRef = AE01795520D8DDF000AAF9AB /* RunsHttpDownloadSession.m */; };
		AE0179D720D8DDF000AAF9AB /* RunsHttpSessionResponse.m in Sources */ = {isa = PBXBuildFile; fileRef = AE01795620D8DDF000AAF9AB /* RunsHttpSessionResponse.m */; };
		AE0179D820D8DDF000AAF9AB /* BFTimer.m in Sources */ = {isa = PBXBuildFile; fileRef = AE01795720D8DDF000AAF9AB /* BFTimer.m */; };
		AE0179D920D8DDF000AAF9AB /* ZFProgressView.m in Sources */ = {isa = PBXBuildFile; fileRef = AE01795920D8DDF000AAF9AB /* ZFProgressView.m */; };
		AE0179DA20D8DDF000AAF9AB /* ZFBrightnessView.m in Sources */ = {isa = PBXBuildFile; fileRef = AE01795A20D8DDF000AAF9AB /* ZFBrightnessView.m */; };
		AE0179DB20D8DDF000AAF9AB /* ZFProgressView.h in Headers */ = {isa = PBXBuildFile; fileRef = AE01795B20D8DDF000AAF9AB /* ZFProgressView.h */; settings = {ATTRIBUTES = (Public, ); }; };
		AE0179DC20D8DDF000AAF9AB /* ZFBrightnessView.h in Headers */ = {isa = PBXBuildFile; fileRef = AE01795C20D8DDF000AAF9AB /* ZFBrightnessView.h */; settings = {ATTRIBUTES = (Public, ); }; };
		AE0179DD20D8DDF000AAF9AB /* NSObject+CommandForwarding.m in Sources */ = {isa = PBXBuildFile; fileRef = AE01795E20D8DDF000AAF9AB /* NSObject+CommandForwarding.m */; };
		AE0179DE20D8DDF000AAF9AB /* RunsTargetActionEngineProtocol.h in Headers */ = {isa = PBXBuildFile; fileRef = AE01795F20D8DDF000AAF9AB /* RunsTargetActionEngineProtocol.h */; settings = {ATTRIBUTES = (Public, ); }; };
		AE0179DF20D8DDF000AAF9AB /* RunsCommandForwardingEngine.h in Headers */ = {isa = PBXBuildFile; fileRef = AE01796020D8DDF000AAF9AB /* RunsCommandForwardingEngine.h */; settings = {ATTRIBUTES = (Public, ); }; };
		AE0179E020D8DDF000AAF9AB /* RunsTargetActionEngine.h in Headers */ = {isa = PBXBuildFile; fileRef = AE01796120D8DDF000AAF9AB /* RunsTargetActionEngine.h */; settings = {ATTRIBUTES = (Public, ); }; };
		AE0179E120D8DDF000AAF9AB /* RunsCommandForwardingEngineProtocol.h in Headers */ = {isa = PBXBuildFile; fileRef = AE01796220D8DDF000AAF9AB /* RunsCommandForwardingEngineProtocol.h */; settings = {ATTRIBUTES = (Public, ); }; };
		AE0179E220D8DDF000AAF9AB /* NSObject+CommandForwarding.h in Headers */ = {isa = PBXBuildFile; fileRef = AE01796320D8DDF000AAF9AB /* NSObject+CommandForwarding.h */; settings = {ATTRIBUTES = (Public, ); }; };
		AE0179E320D8DDF000AAF9AB /* RunsTargetActionEngine.m in Sources */ = {isa = PBXBuildFile; fileRef = AE01796420D8DDF000AAF9AB /* RunsTargetActionEngine.m */; };
		AE0179E420D8DDF000AAF9AB /* RunsCommandForwardingEngine.m in Sources */ = {isa = PBXBuildFile; fileRef = AE01796520D8DDF000AAF9AB /* RunsCommandForwardingEngine.m */; };
		AE0179E520D8DDF000AAF9AB /* PKProtocolExtension.m in Sources */ = {isa = PBXBuildFile; fileRef = AE01796720D8DDF000AAF9AB /* PKProtocolExtension.m */; };
		AE0179E620D8DDF000AAF9AB /* Ext-Objc.h in Headers */ = {isa = PBXBuildFile; fileRef = AE01796820D8DDF000AAF9AB /* Ext-Objc.h */; settings = {ATTRIBUTES = (Public, ); }; };
		AE0179E720D8DDF000AAF9AB /* metamacros.h in Headers */ = {isa = PBXBuildFile; fileRef = AE01796920D8DDF000AAF9AB /* metamacros.h */; settings = {ATTRIBUTES = (Public, ); }; };
		AE0179E820D8DDF000AAF9AB /* EXTScope.m in Sources */ = {isa = PBXBuildFile; fileRef = AE01796A20D8DDF000AAF9AB /* EXTScope.m */; };
		AE0179E920D8DDF000AAF9AB /* PKProtocolExtension.h in Headers */ = {isa = PBXBuildFile; fileRef = AE01796B20D8DDF000AAF9AB /* PKProtocolExtension.h */; settings = {ATTRIBUTES = (Public, ); }; };
		AE0179EA20D8DDF000AAF9AB /* EXTScope.h in Headers */ = {isa = PBXBuildFile; fileRef = AE01796C20D8DDF000AAF9AB /* EXTScope.h */; settings = {ATTRIBUTES = (Public, ); }; };
		AE0179EB20D8DDF000AAF9AB /* EXTCoroutine.h in Headers */ = {isa = PBXBuildFile; fileRef = AE01796D20D8DDF000AAF9AB /* EXTCoroutine.h */; settings = {ATTRIBUTES = (Public, ); }; };
		AE0179EC20D8DDF000AAF9AB /* BFMission.m in Sources */ = {isa = PBXBuildFile; fileRef = AE01796E20D8DDF000AAF9AB /* BFMission.m */; };
		AE0179ED20D8DDF000AAF9AB /* EasyObserver.m in Sources */ = {isa = PBXBuildFile; fileRef = AE01796F20D8DDF000AAF9AB /* EasyObserver.m */; };
		AE0179EE20D8DDF000AAF9AB /* BFWorker.h in Headers */ = {isa = PBXBuildFile; fileRef = AE01797020D8DDF000AAF9AB /* BFWorker.h */; settings = {ATTRIBUTES = (Public, ); }; };
		AE0179EF20D8DDF000AAF9AB /* GKSimpleAPI.m in Sources */ = {isa = PBXBuildFile; fileRef = AE01797120D8DDF000AAF9AB /* GKSimpleAPI.m */; };
		AE0179F020D8DDF000AAF9AB /* HYMaskView.m in Sources */ = {isa = PBXBuildFile; fileRef = AE01797320D8DDF000AAF9AB /* HYMaskView.m */; };
		AE0179F120D8DDF000AAF9AB /* HYClipIconViewController.h in Headers */ = {isa = PBXBuildFile; fileRef = AE01797420D8DDF000AAF9AB /* HYClipIconViewController.h */; settings = {ATTRIBUTES = (Public, ); }; };
		AE0179F220D8DDF000AAF9AB /* HYClipIconViewController.m in Sources */ = {isa = PBXBuildFile; fileRef = AE01797520D8DDF000AAF9AB /* HYClipIconViewController.m */; };
		AE0179F320D8DDF000AAF9AB /* HYMaskView.h in Headers */ = {isa = PBXBuildFile; fileRef = AE01797620D8DDF000AAF9AB /* HYMaskView.h */; settings = {ATTRIBUTES = (Public, ); }; };
		AE0179F420D8DDF000AAF9AB /* RunsAttributesLabel.m in Sources */ = {isa = PBXBuildFile; fileRef = AE01797720D8DDF000AAF9AB /* RunsAttributesLabel.m */; };
		AE0179F820D8F73F00AAF9AB /* RunsObjectSingleton.m in Sources */ = {isa = PBXBuildFile; fileRef = AE0179F620D8F73F00AAF9AB /* RunsObjectSingleton.m */; };
		AE0179F920D8F73F00AAF9AB /* RunsObjectSingleton.h in Headers */ = {isa = PBXBuildFile; fileRef = AE0179F720D8F73F00AAF9AB /* RunsObjectSingleton.h */; settings = {ATTRIBUTES = (Public, ); }; };
		AE0179FC20D8F90300AAF9AB /* RunsDeviceInfo.h in Headers */ = {isa = PBXBuildFile; fileRef = AE0179FA20D8F90200AAF9AB /* RunsDeviceInfo.h */; settings = {ATTRIBUTES = (Public, ); }; };
		AE0179FD20D8F90300AAF9AB /* RunsDeviceInfo.m in Sources */ = {isa = PBXBuildFile; fileRef = AE0179FB20D8F90200AAF9AB /* RunsDeviceInfo.m */; };
		AE017A0420D8F95600AAF9AB /* NSOperationQueue+Category.m in Sources */ = {isa = PBXBuildFile; fileRef = AE0179FE20D8F95300AAF9AB /* NSOperationQueue+Category.m */; };
		AE017A0520D8F95600AAF9AB /* NSObject+Observation.m in Sources */ = {isa = PBXBuildFile; fileRef = AE0179FF20D8F95400AAF9AB /* NSObject+Observation.m */; };
		AE017A0620D8F95600AAF9AB /* NSObject+Observer.h in Headers */ = {isa = PBXBuildFile; fileRef = AE017A0020D8F95500AAF9AB /* NSObject+Observer.h */; settings = {ATTRIBUTES = (Public, ); }; };
		AE017A0720D8F95600AAF9AB /* NSObject+Observer.m in Sources */ = {isa = PBXBuildFile; fileRef = AE017A0120D8F95500AAF9AB /* NSObject+Observer.m */; };
		AE017A0820D8F95600AAF9AB /* NSObject+Observation.h in Headers */ = {isa = PBXBuildFile; fileRef = AE017A0220D8F95500AAF9AB /* NSObject+Observation.h */; settings = {ATTRIBUTES = (Public, ); }; };
		AE017A0920D8F95600AAF9AB /* NSOperationQueue+Category.h in Headers */ = {isa = PBXBuildFile; fileRef = AE017A0320D8F95500AAF9AB /* NSOperationQueue+Category.h */; settings = {ATTRIBUTES = (Public, ); }; };
		AE017A0C20D8F9CC00AAF9AB /* UIView+TargetAction.h in Headers */ = {isa = PBXBuildFile; fileRef = AE017A0A20D8F9CC00AAF9AB /* UIView+TargetAction.h */; settings = {ATTRIBUTES = (Public, ); }; };
		AE017A0D20D8F9CC00AAF9AB /* UIView+TargetAction.m in Sources */ = {isa = PBXBuildFile; fileRef = AE017A0B20D8F9CC00AAF9AB /* UIView+TargetAction.m */; };
		AE017A4520D90BF100AAF9AB /* runs_brightness.png in Resources */ = {isa = PBXBuildFile; fileRef = AE017A4420D90BF100AAF9AB /* runs_brightness.png */; };
/* End PBXBuildFile section */

/* Begin PBXFileReference section */
		AE0178E620D8DDA600AAF9AB /* UniversalApi.framework */ = {isa = PBXFileReference; explicitFileType = wrapper.framework; includeInIndex = 0; path = UniversalApi.framework; sourceTree = BUILT_PRODUCTS_DIR; };
		AE0178E920D8DDA600AAF9AB /* UniversalApi.h */ = {isa = PBXFileReference; lastKnownFileType = sourcecode.c.h; path = UniversalApi.h; sourceTree = "<group>"; };
		AE0178EA20D8DDA600AAF9AB /* Info.plist */ = {isa = PBXFileReference; lastKnownFileType = text.plist.xml; path = Info.plist; sourceTree = "<group>"; };
		AE0178F320D8DDF000AAF9AB /* NSMutableDictionary+SafeSet.m */ = {isa = PBXFileReference; fileEncoding = 4; lastKnownFileType = sourcecode.c.objc; path = "NSMutableDictionary+SafeSet.m"; sourceTree = "<group>"; };
		AE0178F420D8DDF000AAF9AB /* UIPanGestureRecognizer+Category.m */ = {isa = PBXFileReference; fileEncoding = 4; lastKnownFileType = sourcecode.c.objc; path = "UIPanGestureRecognizer+Category.m"; sourceTree = "<group>"; };
		AE0178F520D8DDF000AAF9AB /* NSString+Category.h */ = {isa = PBXFileReference; fileEncoding = 4; lastKnownFileType = sourcecode.c.h; path = "NSString+Category.h"; sourceTree = "<group>"; };
		AE0178F620D8DDF000AAF9AB /* NSString+Assistant.h */ = {isa = PBXFileReference; fileEncoding = 4; lastKnownFileType = sourcecode.c.h; path = "NSString+Assistant.h"; sourceTree = "<group>"; };
		AE0178F720D8DDF000AAF9AB /* UINavigationController+FDFullscreenPopGesture.h */ = {isa = PBXFileReference; fileEncoding = 4; lastKnownFileType = sourcecode.c.h; path = "UINavigationController+FDFullscreenPopGesture.h"; sourceTree = "<group>"; };
		AE0178F820D8DDF000AAF9AB /* NSObject+RuntimeLog.m */ = {isa = PBXFileReference; fileEncoding = 4; lastKnownFileType = sourcecode.c.objc; path = "NSObject+RuntimeLog.m"; sourceTree = "<group>"; };
		AE0178F920D8DDF000AAF9AB /* UIImage+Category.m */ = {isa = PBXFileReference; fileEncoding = 4; lastKnownFileType = sourcecode.c.objc; path = "UIImage+Category.m"; sourceTree = "<group>"; };
		AE0178FA20D8DDF000AAF9AB /* UITextView+Placeholder.m */ = {isa = PBXFileReference; fileEncoding = 4; lastKnownFileType = sourcecode.c.objc; path = "UITextView+Placeholder.m"; sourceTree = "<group>"; };
		AE0178FB20D8DDF000AAF9AB /* UIColor+Hex.m */ = {isa = PBXFileReference; fileEncoding = 4; lastKnownFileType = sourcecode.c.objc; path = "UIColor+Hex.m"; sourceTree = "<group>"; };
		AE0178FD20D8DDF000AAF9AB /* UIApplication+Facade.m */ = {isa = PBXFileReference; fileEncoding = 4; lastKnownFileType = sourcecode.c.objc; path = "UIApplication+Facade.m"; sourceTree = "<group>"; };
		AE0178FE20D8DDF000AAF9AB /* UIImage+ImageEffects.h */ = {isa = PBXFileReference; fileEncoding = 4; lastKnownFileType = sourcecode.c.h; path = "UIImage+ImageEffects.h"; sourceTree = "<group>"; };
		AE0178FF20D8DDF000AAF9AB /* UIButton+Category.m */ = {isa = PBXFileReference; fileEncoding = 4; lastKnownFileType = sourcecode.c.objc; path = "UIButton+Category.m"; sourceTree = "<group>"; };
		AE01790020D8DDF000AAF9AB /* UITextField+Category.h */ = {isa = PBXFileReference; fileEncoding = 4; lastKnownFileType = sourcecode.c.h; path = "UITextField+Category.h"; sourceTree = "<group>"; };
		AE01790120D8DDF000AAF9AB /* UIView+Category.m */ = {isa = PBXFileReference; fileEncoding = 4; lastKnownFileType = sourcecode.c.objc; path = "UIView+Category.m"; sourceTree = "<group>"; };
		AE01790220D8DDF000AAF9AB /* UIControl+Category.m */ = {isa = PBXFileReference; fileEncoding = 4; lastKnownFileType = sourcecode.c.objc; path = "UIControl+Category.m"; sourceTree = "<group>"; };
		AE01790320D8DDF000AAF9AB /* UISlider+Category.m */ = {isa = PBXFileReference; fileEncoding = 4; lastKnownFileType = sourcecode.c.objc; path = "UISlider+Category.m"; sourceTree = "<group>"; };
		AE01790420D8DDF000AAF9AB /* UIWindow+Category.h */ = {isa = PBXFileReference; fileEncoding = 4; lastKnownFileType = sourcecode.c.h; path = "UIWindow+Category.h"; sourceTree = "<group>"; };
		AE01790520D8DDF000AAF9AB /* UIButton+SGImagePosition.m */ = {isa = PBXFileReference; fileEncoding = 4; lastKnownFileType = sourcecode.c.objc; path = "UIButton+SGImagePosition.m"; sourceTree = "<group>"; };
		AE01790620D8DDF000AAF9AB /* UIView+Toast.h */ = {isa = PBXFileReference; fileEncoding = 4; lastKnownFileType = sourcecode.c.h; path = "UIView+Toast.h"; sourceTree = "<group>"; };
		AE01790720D8DDF000AAF9AB /* UIViewController+Facade.h */ = {isa = PBXFileReference; fileEncoding = 4; lastKnownFileType = sourcecode.c.h; path = "UIViewController+Facade.h"; sourceTree = "<group>"; };
		AE01790820D8DDF000AAF9AB /* NSIndexPath+Category.m */ = {isa = PBXFileReference; fileEncoding = 4; lastKnownFileType = sourcecode.c.objc; path = "NSIndexPath+Category.m"; sourceTree = "<group>"; };
		AE01790920D8DDF000AAF9AB /* UILabel+Attributed.m */ = {isa = PBXFileReference; fileEncoding = 4; lastKnownFileType = sourcecode.c.objc; path = "UILabel+Attributed.m"; sourceTree = "<group>"; };
		AE01790A20D8DDF000AAF9AB /* UIAlertController+Category.m */ = {isa = PBXFileReference; fileEncoding = 4; lastKnownFileType = sourcecode.c.objc; path = "UIAlertController+Category.m"; sourceTree = "<group>"; };
		AE01790B20D8DDF000AAF9AB /* NSDate+NSString.m */ = {isa = PBXFileReference; fileEncoding = 4; lastKnownFileType = sourcecode.c.objc; path = "NSDate+NSString.m"; sourceTree = "<group>"; };
		AE01790C20D8DDF000AAF9AB /* NSString+NSURL_FOR_HTTP.m */ = {isa = PBXFileReference; fileEncoding = 4; lastKnownFileType = sourcecode.c.objc; path = "NSString+NSURL_FOR_HTTP.m"; sourceTree = "<group>"; };
		AE01790D20D8DDF000AAF9AB /* UIViewController+BackButtonHandler.m */ = {isa = PBXFileReference; fileEncoding = 4; lastKnownFileType = sourcecode.c.objc; path = "UIViewController+BackButtonHandler.m"; sourceTree = "<group>"; };
		AE01790E20D8DDF000AAF9AB /* UICollectionView+Category.m */ = {isa = PBXFileReference; fileEncoding = 4; lastKnownFileType = sourcecode.c.objc; path = "UICollectionView+Category.m"; sourceTree = "<group>"; };
		AE01790F20D8DDF000AAF9AB /* NSURLSessionTask+Category.h */ = {isa = PBXFileReference; fileEncoding = 4; lastKnownFileType = sourcecode.c.h; path = "NSURLSessionTask+Category.h"; sourceTree = "<group>"; };
		AE01791020D8DDF000AAF9AB /* NSArray+Format.h */ = {isa = PBXFileReference; fileEncoding = 4; lastKnownFileType = sourcecode.c.h; path = "NSArray+Format.h"; sourceTree = "<group>"; };
		AE01791120D8DDF000AAF9AB /* NSString+Assistant.m */ = {isa = PBXFileReference; fileEncoding = 4; lastKnownFileType = sourcecode.c.objc; path = "NSString+Assistant.m"; sourceTree = "<group>"; };
		AE01791220D8DDF000AAF9AB /* NSString+Category.m */ = {isa = PBXFileReference; fileEncoding = 4; lastKnownFileType = sourcecode.c.objc; path = "NSString+Category.m"; sourceTree = "<group>"; };
		AE01791320D8DDF000AAF9AB /* UIPanGestureRecognizer+Category.h */ = {isa = PBXFileReference; fileEncoding = 4; lastKnownFileType = sourcecode.c.h; path = "UIPanGestureRecognizer+Category.h"; sourceTree = "<group>"; };
		AE01791420D8DDF000AAF9AB /* NSMutableDictionary+SafeSet.h */ = {isa = PBXFileReference; fileEncoding = 4; lastKnownFileType = sourcecode.c.h; path = "NSMutableDictionary+SafeSet.h"; sourceTree = "<group>"; };
		AE01791520D8DDF000AAF9AB /* UIColor+Hex.h */ = {isa = PBXFileReference; fileEncoding = 4; lastKnownFileType = sourcecode.c.h; path = "UIColor+Hex.h"; sourceTree = "<group>"; };
		AE01791620D8DDF000AAF9AB /* UITextView+Placeholder.h */ = {isa = PBXFileReference; fileEncoding = 4; lastKnownFileType = sourcecode.c.h; path = "UITextView+Placeholder.h"; sourceTree = "<group>"; };
		AE01791720D8DDF000AAF9AB /* UIImage+Category.h */ = {isa = PBXFileReference; fileEncoding = 4; lastKnownFileType = sourcecode.c.h; path = "UIImage+Category.h"; sourceTree = "<group>"; };
		AE01791820D8DDF000AAF9AB /* NSObject+RuntimeLog.h */ = {isa = PBXFileReference; fileEncoding = 4; lastKnownFileType = sourcecode.c.h; path = "NSObject+RuntimeLog.h"; sourceTree = "<group>"; };
		AE01791920D8DDF000AAF9AB /* UINavigationController+FDFullscreenPopGesture.m */ = {isa = PBXFileReference; fileEncoding = 4; lastKnownFileType = sourcecode.c.objc; path = "UINavigationController+FDFullscreenPopGesture.m"; sourceTree = "<group>"; };
		AE01791A20D8DDF000AAF9AB /* UIButton+SGImagePosition.h */ = {isa = PBXFileReference; fileEncoding = 4; lastKnownFileType = sourcecode.c.h; path = "UIButton+SGImagePosition.h"; sourceTree = "<group>"; };
		AE01791B20D8DDF000AAF9AB /* UIWindow+Category.m */ = {isa = PBXFileReference; fileEncoding = 4; lastKnownFileType = sourcecode.c.objc; path = "UIWindow+Category.m"; sourceTree = "<group>"; };
		AE01791C20D8DDF000AAF9AB /* UIControl+Category.h */ = {isa = PBXFileReference; fileEncoding = 4; lastKnownFileType = sourcecode.c.h; path = "UIControl+Category.h"; sourceTree = "<group>"; };
		AE01791D20D8DDF000AAF9AB /* UISlider+Category.h */ = {isa = PBXFileReference; fileEncoding = 4; lastKnownFileType = sourcecode.c.h; path = "UISlider+Category.h"; sourceTree = "<group>"; };
		AE01791E20D8DDF000AAF9AB /* UIView+Category.h */ = {isa = PBXFileReference; fileEncoding = 4; lastKnownFileType = sourcecode.c.h; path = "UIView+Category.h"; sourceTree = "<group>"; };
		AE01791F20D8DDF000AAF9AB /* UITextField+Category.m */ = {isa = PBXFileReference; fileEncoding = 4; lastKnownFileType = sourcecode.c.objc; path = "UITextField+Category.m"; sourceTree = "<group>"; };
		AE01792020D8DDF000AAF9AB /* UIButton+Category.h */ = {isa = PBXFileReference; fileEncoding = 4; lastKnownFileType = sourcecode.c.h; path = "UIButton+Category.h"; sourceTree = "<group>"; };
		AE01792120D8DDF000AAF9AB /* UIImage+ImageEffects.m */ = {isa = PBXFileReference; fileEncoding = 4; lastKnownFileType = sourcecode.c.objc; path = "UIImage+ImageEffects.m"; sourceTree = "<group>"; };
		AE01792320D8DDF000AAF9AB /* UIApplication+Facade.h */ = {isa = PBXFileReference; fileEncoding = 4; lastKnownFileType = sourcecode.c.h; path = "UIApplication+Facade.h"; sourceTree = "<group>"; };
		AE01792420D8DDF000AAF9AB /* NSArray+Format.m */ = {isa = PBXFileReference; fileEncoding = 4; lastKnownFileType = sourcecode.c.objc; path = "NSArray+Format.m"; sourceTree = "<group>"; };
		AE01792520D8DDF000AAF9AB /* NSURLSessionTask+Category.m */ = {isa = PBXFileReference; fileEncoding = 4; lastKnownFileType = sourcecode.c.objc; path = "NSURLSessionTask+Category.m"; sourceTree = "<group>"; };
		AE01792620D8DDF000AAF9AB /* UICollectionView+Category.h */ = {isa = PBXFileReference; fileEncoding = 4; lastKnownFileType = sourcecode.c.h; path = "UICollectionView+Category.h"; sourceTree = "<group>"; };
		AE01792720D8DDF000AAF9AB /* UIViewController+BackButtonHandler.h */ = {isa = PBXFileReference; fileEncoding = 4; lastKnownFileType = sourcecode.c.h; path = "UIViewController+BackButtonHandler.h"; sourceTree = "<group>"; };
		AE01792820D8DDF000AAF9AB /* NSDate+NSString.h */ = {isa = PBXFileReference; fileEncoding = 4; lastKnownFileType = sourcecode.c.h; path = "NSDate+NSString.h"; sourceTree = "<group>"; };
		AE01792920D8DDF000AAF9AB /* NSString+NSURL_FOR_HTTP.h */ = {isa = PBXFileReference; fileEncoding = 4; lastKnownFileType = sourcecode.c.h; path = "NSString+NSURL_FOR_HTTP.h"; sourceTree = "<group>"; };
		AE01792A20D8DDF000AAF9AB /* UILabel+Attributed.h */ = {isa = PBXFileReference; fileEncoding = 4; lastKnownFileType = sourcecode.c.h; path = "UILabel+Attributed.h"; sourceTree = "<group>"; };
		AE01792B20D8DDF000AAF9AB /* UIAlertController+Category.h */ = {isa = PBXFileReference; fileEncoding = 4; lastKnownFileType = sourcecode.c.h; path = "UIAlertController+Category.h"; sourceTree = "<group>"; };
		AE01792C20D8DDF000AAF9AB /* UIViewController+Facade.m */ = {isa = PBXFileReference; fileEncoding = 4; lastKnownFileType = sourcecode.c.objc; path = "UIViewController+Facade.m"; sourceTree = "<group>"; };
		AE01792D20D8DDF000AAF9AB /* NSIndexPath+Category.h */ = {isa = PBXFileReference; fileEncoding = 4; lastKnownFileType = sourcecode.c.h; path = "NSIndexPath+Category.h"; sourceTree = "<group>"; };
		AE01792E20D8DDF000AAF9AB /* UIView+Toast.m */ = {isa = PBXFileReference; fileEncoding = 4; lastKnownFileType = sourcecode.c.objc; path = "UIView+Toast.m"; sourceTree = "<group>"; };
		AE01792F20D8DDF000AAF9AB /* Runs.h */ = {isa = PBXFileReference; fileEncoding = 4; lastKnownFileType = sourcecode.c.h; path = Runs.h; sourceTree = "<group>"; };
		AE01793120D8DDF000AAF9AB /* RunsMacroConstant.h */ = {isa = PBXFileReference; fileEncoding = 4; lastKnownFileType = sourcecode.c.h; path = RunsMacroConstant.h; sourceTree = "<group>"; };
		AE01793320D8DDF000AAF9AB /* Reachability.m */ = {isa = PBXFileReference; fileEncoding = 4; lastKnownFileType = sourcecode.c.objc; path = Reachability.m; sourceTree = "<group>"; };
		AE01793420D8DDF000AAF9AB /* RunsExpandButton.h */ = {isa = PBXFileReference; fileEncoding = 4; lastKnownFileType = sourcecode.c.h; path = RunsExpandButton.h; sourceTree = "<group>"; };
		AE01793F20D8DDF000AAF9AB /* BFMission.h */ = {isa = PBXFileReference; fileEncoding = 4; lastKnownFileType = sourcecode.c.h; path = BFMission.h; sourceTree = "<group>"; };
		AE01794120D8DDF000AAF9AB /* RunsNetworkMonitor.m */ = {isa = PBXFileReference; fileEncoding = 4; lastKnownFileType = sourcecode.c.objc; path = RunsNetworkMonitor.m; sourceTree = "<group>"; };
		AE01794220D8DDF000AAF9AB /* RunsNetSpeedMeasurer.m */ = {isa = PBXFileReference; fileEncoding = 4; lastKnownFileType = sourcecode.c.objc; path = RunsNetSpeedMeasurer.m; sourceTree = "<group>"; };
		AE01794320D8DDF000AAF9AB /* RunsNetworkMonitor.h */ = {isa = PBXFileReference; fileEncoding = 4; lastKnownFileType = sourcecode.c.h; path = RunsNetworkMonitor.h; sourceTree = "<group>"; };
		AE01794420D8DDF000AAF9AB /* RunsNetSpeedMeasurer.h */ = {isa = PBXFileReference; fileEncoding = 4; lastKnownFileType = sourcecode.c.h; path = RunsNetSpeedMeasurer.h; sourceTree = "<group>"; };
		AE01794520D8DDF000AAF9AB /* BFTimer.h */ = {isa = PBXFileReference; fileEncoding = 4; lastKnownFileType = sourcecode.c.h; path = BFTimer.h; sourceTree = "<group>"; };
		AE01794620D8DDF000AAF9AB /* BFWorker.m */ = {isa = PBXFileReference; fileEncoding = 4; lastKnownFileType = sourcecode.c.objc; path = BFWorker.m; sourceTree = "<group>"; };
		AE01794720D8DDF000AAF9AB /* EasyObserver.h */ = {isa = PBXFileReference; fileEncoding = 4; lastKnownFileType = sourcecode.c.h; path = EasyObserver.h; sourceTree = "<group>"; };
		AE01794920D8DDF000AAF9AB /* RunsAttributesLabel.h */ = {isa = PBXFileReference; fileEncoding = 4; lastKnownFileType = sourcecode.c.h; path = RunsAttributesLabel.h; sourceTree = "<group>"; };
		AE01794A20D8DDF000AAF9AB /* GKSimpleAPI.h */ = {isa = PBXFileReference; fileEncoding = 4; lastKnownFileType = sourcecode.c.h; path = GKSimpleAPI.h; sourceTree = "<group>"; };
		AE01794B20D8DDF000AAF9AB /* RunsExpandButton.m */ = {isa = PBXFileReference; fileEncoding = 4; lastKnownFileType = sourcecode.c.objc; path = RunsExpandButton.m; sourceTree = "<group>"; };
		AE01794C20D8DDF000AAF9AB /* Reachability.h */ = {isa = PBXFileReference; fileEncoding = 4; lastKnownFileType = sourcecode.c.h; path = Reachability.h; sourceTree = "<group>"; };
		AE01794E20D8DDF000AAF9AB /* RunsHttpAssistant.h */ = {isa = PBXFileReference; fileEncoding = 4; lastKnownFileType = sourcecode.c.h; path = RunsHttpAssistant.h; sourceTree = "<group>"; };
		AE01794F20D8DDF000AAF9AB /* RunsHttpSessionProxy.m */ = {isa = PBXFileReference; fileEncoding = 4; lastKnownFileType = sourcecode.c.objc; path = RunsHttpSessionProxy.m; sourceTree = "<group>"; };
		AE01795020D8DDF000AAF9AB /* RunsHttpSessionResponse.h */ = {isa = PBXFileReference; fileEncoding = 4; lastKnownFileType = sourcecode.c.h; path = RunsHttpSessionResponse.h; sourceTree = "<group>"; };
		AE01795120D8DDF000AAF9AB /* RunsHttpDownloadSession.h */ = {isa = PBXFileReference; fileEncoding = 4; lastKnownFileType = sourcecode.c.h; path = RunsHttpDownloadSession.h; sourceTree = "<group>"; };
		AE01795220D8DDF000AAF9AB /* RunsHttpSessionProtocol.h */ = {isa = PBXFileReference; fileEncoding = 4; lastKnownFileType = sourcecode.c.h; path = RunsHttpSessionProtocol.h; sourceTree = "<group>"; };
		AE01795320D8DDF000AAF9AB /* RunsHttpSessionProxy.h */ = {isa = PBXFileReference; fileEncoding = 4; lastKnownFileType = sourcecode.c.h; path = RunsHttpSessionProxy.h; sourceTree = "<group>"; };
		AE01795420D8DDF000AAF9AB /* RunsHttpAssistant.m */ = {isa = PBXFileReference; fileEncoding = 4; lastKnownFileType = sourcecode.c.objc; path = RunsHttpAssistant.m; sourceTree = "<group>"; };
		AE01795520D8DDF000AAF9AB /* RunsHttpDownloadSession.m */ = {isa = PBXFileReference; fileEncoding = 4; lastKnownFileType = sourcecode.c.objc; path = RunsHttpDownloadSession.m; sourceTree = "<group>"; };
		AE01795620D8DDF000AAF9AB /* RunsHttpSessionResponse.m */ = {isa = PBXFileReference; fileEncoding = 4; lastKnownFileType = sourcecode.c.objc; path = RunsHttpSessionResponse.m; sourceTree = "<group>"; };
		AE01795720D8DDF000AAF9AB /* BFTimer.m */ = {isa = PBXFileReference; fileEncoding = 4; lastKnownFileType = sourcecode.c.objc; path = BFTimer.m; sourceTree = "<group>"; };
		AE01795920D8DDF000AAF9AB /* ZFProgressView.m */ = {isa = PBXFileReference; fileEncoding = 4; lastKnownFileType = sourcecode.c.objc; path = ZFProgressView.m; sourceTree = "<group>"; };
		AE01795A20D8DDF000AAF9AB /* ZFBrightnessView.m */ = {isa = PBXFileReference; fileEncoding = 4; lastKnownFileType = sourcecode.c.objc; path = ZFBrightnessView.m; sourceTree = "<group>"; };
		AE01795B20D8DDF000AAF9AB /* ZFProgressView.h */ = {isa = PBXFileReference; fileEncoding = 4; lastKnownFileType = sourcecode.c.h; path = ZFProgressView.h; sourceTree = "<group>"; };
		AE01795C20D8DDF000AAF9AB /* ZFBrightnessView.h */ = {isa = PBXFileReference; fileEncoding = 4; lastKnownFileType = sourcecode.c.h; path = ZFBrightnessView.h; sourceTree = "<group>"; };
		AE01795E20D8DDF000AAF9AB /* NSObject+CommandForwarding.m */ = {isa = PBXFileReference; fileEncoding = 4; lastKnownFileType = sourcecode.c.objc; path = "NSObject+CommandForwarding.m"; sourceTree = "<group>"; };
		AE01795F20D8DDF000AAF9AB /* RunsTargetActionEngineProtocol.h */ = {isa = PBXFileReference; fileEncoding = 4; lastKnownFileType = sourcecode.c.h; path = RunsTargetActionEngineProtocol.h; sourceTree = "<group>"; };
		AE01796020D8DDF000AAF9AB /* RunsCommandForwardingEngine.h */ = {isa = PBXFileReference; fileEncoding = 4; lastKnownFileType = sourcecode.c.h; path = RunsCommandForwardingEngine.h; sourceTree = "<group>"; };
		AE01796120D8DDF000AAF9AB /* RunsTargetActionEngine.h */ = {isa = PBXFileReference; fileEncoding = 4; lastKnownFileType = sourcecode.c.h; path = RunsTargetActionEngine.h; sourceTree = "<group>"; };
		AE01796220D8DDF000AAF9AB /* RunsCommandForwardingEngineProtocol.h */ = {isa = PBXFileReference; fileEncoding = 4; lastKnownFileType = sourcecode.c.h; path = RunsCommandForwardingEngineProtocol.h; sourceTree = "<group>"; };
		AE01796320D8DDF000AAF9AB /* NSObject+CommandForwarding.h */ = {isa = PBXFileReference; fileEncoding = 4; lastKnownFileType = sourcecode.c.h; path = "NSObject+CommandForwarding.h"; sourceTree = "<group>"; };
		AE01796420D8DDF000AAF9AB /* RunsTargetActionEngine.m */ = {isa = PBXFileReference; fileEncoding = 4; lastKnownFileType = sourcecode.c.objc; path = RunsTargetActionEngine.m; sourceTree = "<group>"; };
		AE01796520D8DDF000AAF9AB /* RunsCommandForwardingEngine.m */ = {isa = PBXFileReference; fileEncoding = 4; lastKnownFileType = sourcecode.c.objc; path = RunsCommandForwardingEngine.m; sourceTree = "<group>"; };
		AE01796720D8DDF000AAF9AB /* PKProtocolExtension.m */ = {isa = PBXFileReference; fileEncoding = 4; lastKnownFileType = sourcecode.c.objc; path = PKProtocolExtension.m; sourceTree = "<group>"; };
		AE01796820D8DDF000AAF9AB /* Ext-Objc.h */ = {isa = PBXFileReference; fileEncoding = 4; lastKnownFileType = sourcecode.c.h; path = "Ext-Objc.h"; sourceTree = "<group>"; };
		AE01796920D8DDF000AAF9AB /* metamacros.h */ = {isa = PBXFileReference; fileEncoding = 4; lastKnownFileType = sourcecode.c.h; path = metamacros.h; sourceTree = "<group>"; };
		AE01796A20D8DDF000AAF9AB /* EXTScope.m */ = {isa = PBXFileReference; fileEncoding = 4; lastKnownFileType = sourcecode.c.objc; path = EXTScope.m; sourceTree = "<group>"; };
		AE01796B20D8DDF000AAF9AB /* PKProtocolExtension.h */ = {isa = PBXFileReference; fileEncoding = 4; lastKnownFileType = sourcecode.c.h; path = PKProtocolExtension.h; sourceTree = "<group>"; };
		AE01796C20D8DDF000AAF9AB /* EXTScope.h */ = {isa = PBXFileReference; fileEncoding = 4; lastKnownFileType = sourcecode.c.h; path = EXTScope.h; sourceTree = "<group>"; };
		AE01796D20D8DDF000AAF9AB /* EXTCoroutine.h */ = {isa = PBXFileReference; fileEncoding = 4; lastKnownFileType = sourcecode.c.h; path = EXTCoroutine.h; sourceTree = "<group>"; };
		AE01796E20D8DDF000AAF9AB /* BFMission.m */ = {isa = PBXFileReference; fileEncoding = 4; lastKnownFileType = sourcecode.c.objc; path = BFMission.m; sourceTree = "<group>"; };
		AE01796F20D8DDF000AAF9AB /* EasyObserver.m */ = {isa = PBXFileReference; fileEncoding = 4; lastKnownFileType = sourcecode.c.objc; path = EasyObserver.m; sourceTree = "<group>"; };
		AE01797020D8DDF000AAF9AB /* BFWorker.h */ = {isa = PBXFileReference; fileEncoding = 4; lastKnownFileType = sourcecode.c.h; path = BFWorker.h; sourceTree = "<group>"; };
		AE01797120D8DDF000AAF9AB /* GKSimpleAPI.m */ = {isa = PBXFileReference; fileEncoding = 4; lastKnownFileType = sourcecode.c.objc; path = GKSimpleAPI.m; sourceTree = "<group>"; };
		AE01797320D8DDF000AAF9AB /* HYMaskView.m */ = {isa = PBXFileReference; fileEncoding = 4; lastKnownFileType = sourcecode.c.objc; path = HYMaskView.m; sourceTree = "<group>"; };
		AE01797420D8DDF000AAF9AB /* HYClipIconViewController.h */ = {isa = PBXFileReference; fileEncoding = 4; lastKnownFileType = sourcecode.c.h; path = HYClipIconViewController.h; sourceTree = "<group>"; };
		AE01797520D8DDF000AAF9AB /* HYClipIconViewController.m */ = {isa = PBXFileReference; fileEncoding = 4; lastKnownFileType = sourcecode.c.objc; path = HYClipIconViewController.m; sourceTree = "<group>"; };
		AE01797620D8DDF000AAF9AB /* HYMaskView.h */ = {isa = PBXFileReference; fileEncoding = 4; lastKnownFileType = sourcecode.c.h; path = HYMaskView.h; sourceTree = "<group>"; };
		AE01797720D8DDF000AAF9AB /* RunsAttributesLabel.m */ = {isa = PBXFileReference; fileEncoding = 4; lastKnownFileType = sourcecode.c.objc; path = RunsAttributesLabel.m; sourceTree = "<group>"; };
		AE0179F620D8F73F00AAF9AB /* RunsObjectSingleton.m */ = {isa = PBXFileReference; fileEncoding = 4; lastKnownFileType = sourcecode.c.objc; path = RunsObjectSingleton.m; sourceTree = "<group>"; };
		AE0179F720D8F73F00AAF9AB /* RunsObjectSingleton.h */ = {isa = PBXFileReference; fileEncoding = 4; lastKnownFileType = sourcecode.c.h; path = RunsObjectSingleton.h; sourceTree = "<group>"; };
		AE0179FA20D8F90200AAF9AB /* RunsDeviceInfo.h */ = {isa = PBXFileReference; fileEncoding = 4; lastKnownFileType = sourcecode.c.h; path = RunsDeviceInfo.h; sourceTree = "<group>"; };
		AE0179FB20D8F90200AAF9AB /* RunsDeviceInfo.m */ = {isa = PBXFileReference; fileEncoding = 4; lastKnownFileType = sourcecode.c.objc; path = RunsDeviceInfo.m; sourceTree = "<group>"; };
		AE0179FE20D8F95300AAF9AB /* NSOperationQueue+Category.m */ = {isa = PBXFileReference; fileEncoding = 4; lastKnownFileType = sourcecode.c.objc; path = "NSOperationQueue+Category.m"; sourceTree = "<group>"; };
		AE0179FF20D8F95400AAF9AB /* NSObject+Observation.m */ = {isa = PBXFileReference; fileEncoding = 4; lastKnownFileType = sourcecode.c.objc; path = "NSObject+Observation.m"; sourceTree = "<group>"; };
		AE017A0020D8F95500AAF9AB /* NSObject+Observer.h */ = {isa = PBXFileReference; fileEncoding = 4; lastKnownFileType = sourcecode.c.h; path = "NSObject+Observer.h"; sourceTree = "<group>"; };
		AE017A0120D8F95500AAF9AB /* NSObject+Observer.m */ = {isa = PBXFileReference; fileEncoding = 4; lastKnownFileType = sourcecode.c.objc; path = "NSObject+Observer.m"; sourceTree = "<group>"; };
		AE017A0220D8F95500AAF9AB /* NSObject+Observation.h */ = {isa = PBXFileReference; fileEncoding = 4; lastKnownFileType = sourcecode.c.h; path = "NSObject+Observation.h"; sourceTree = "<group>"; };
		AE017A0320D8F95500AAF9AB /* NSOperationQueue+Category.h */ = {isa = PBXFileReference; fileEncoding = 4; lastKnownFileType = sourcecode.c.h; path = "NSOperationQueue+Category.h"; sourceTree = "<group>"; };
		AE017A0A20D8F9CC00AAF9AB /* UIView+TargetAction.h */ = {isa = PBXFileReference; fileEncoding = 4; lastKnownFileType = sourcecode.c.h; path = "UIView+TargetAction.h"; sourceTree = "<group>"; };
		AE017A0B20D8F9CC00AAF9AB /* UIView+TargetAction.m */ = {isa = PBXFileReference; fileEncoding = 4; lastKnownFileType = sourcecode.c.objc; path = "UIView+TargetAction.m"; sourceTree = "<group>"; };
		AE017A4420D90BF100AAF9AB /* runs_brightness.png */ = {isa = PBXFileReference; lastKnownFileType = image.png; path = runs_brightness.png; sourceTree = "<group>"; };
/* End PBXFileReference section */

/* Begin PBXFrameworksBuildPhase section */
		AE0178E220D8DDA600AAF9AB /* Frameworks */ = {
			isa = PBXFrameworksBuildPhase;
			buildActionMask = 2147483647;
			files = (
			);
			runOnlyForDeploymentPostprocessing = 0;
		};
/* End PBXFrameworksBuildPhase section */

/* Begin PBXGroup section */
		AE0178DC20D8DDA600AAF9AB = {
			isa = PBXGroup;
			children = (
				AE0178E820D8DDA600AAF9AB /* UniversalApi */,
				AE0178E720D8DDA600AAF9AB /* Products */,
			);
			sourceTree = "<group>";
		};
		AE0178E720D8DDA600AAF9AB /* Products */ = {
			isa = PBXGroup;
			children = (
				AE0178E620D8DDA600AAF9AB /* UniversalApi.framework */,
			);
			name = Products;
			sourceTree = "<group>";
		};
		AE0178E820D8DDA600AAF9AB /* UniversalApi */ = {
			isa = PBXGroup;
			children = (
				AE0178F120D8DDF000AAF9AB /* Runs */,
				AE0178E920D8DDA600AAF9AB /* UniversalApi.h */,
				AE0178EA20D8DDA600AAF9AB /* Info.plist */,
			);
			path = UniversalApi;
			sourceTree = "<group>";
		};
		AE0178F120D8DDF000AAF9AB /* Runs */ = {
			isa = PBXGroup;
			children = (
				AE01792F20D8DDF000AAF9AB /* Runs.h */,
				AE0178F220D8DDF000AAF9AB /* Category */,
				AE01793020D8DDF000AAF9AB /* Macro */,
				AE01793220D8DDF000AAF9AB /* API */,
			);
			path = Runs;
			sourceTree = SOURCE_ROOT;
		};
		AE0178F220D8DDF000AAF9AB /* Category */ = {
			isa = PBXGroup;
			children = (
				AE017A0220D8F95500AAF9AB /* NSObject+Observation.h */,
				AE0179FF20D8F95400AAF9AB /* NSObject+Observation.m */,
				AE017A0020D8F95500AAF9AB /* NSObject+Observer.h */,
				AE017A0120D8F95500AAF9AB /* NSObject+Observer.m */,
				AE017A0320D8F95500AAF9AB /* NSOperationQueue+Category.h */,
				AE0179FE20D8F95300AAF9AB /* NSOperationQueue+Category.m */,
				AE01791020D8DDF000AAF9AB /* NSArray+Format.h */,
				AE01792420D8DDF000AAF9AB /* NSArray+Format.m */,
				AE01792820D8DDF000AAF9AB /* NSDate+NSString.h */,
				AE01790B20D8DDF000AAF9AB /* NSDate+NSString.m */,
				AE01792D20D8DDF000AAF9AB /* NSIndexPath+Category.h */,
				AE01790820D8DDF000AAF9AB /* NSIndexPath+Category.m */,
				AE01791420D8DDF000AAF9AB /* NSMutableDictionary+SafeSet.h */,
				AE0178F320D8DDF000AAF9AB /* NSMutableDictionary+SafeSet.m */,
				AE01791820D8DDF000AAF9AB /* NSObject+RuntimeLog.h */,
				AE0178F820D8DDF000AAF9AB /* NSObject+RuntimeLog.m */,
				AE0178F620D8DDF000AAF9AB /* NSString+Assistant.h */,
				AE01791120D8DDF000AAF9AB /* NSString+Assistant.m */,
				AE0178F520D8DDF000AAF9AB /* NSString+Category.h */,
				AE01791220D8DDF000AAF9AB /* NSString+Category.m */,
				AE01792920D8DDF000AAF9AB /* NSString+NSURL_FOR_HTTP.h */,
				AE01790C20D8DDF000AAF9AB /* NSString+NSURL_FOR_HTTP.m */,
				AE01790F20D8DDF000AAF9AB /* NSURLSessionTask+Category.h */,
				AE01792520D8DDF000AAF9AB /* NSURLSessionTask+Category.m */,
				AE01792B20D8DDF000AAF9AB /* UIAlertController+Category.h */,
				AE01790A20D8DDF000AAF9AB /* UIAlertController+Category.m */,
				AE01792320D8DDF000AAF9AB /* UIApplication+Facade.h */,
				AE0178FD20D8DDF000AAF9AB /* UIApplication+Facade.m */,
				AE01792020D8DDF000AAF9AB /* UIButton+Category.h */,
				AE0178FF20D8DDF000AAF9AB /* UIButton+Category.m */,
				AE01791A20D8DDF000AAF9AB /* UIButton+SGImagePosition.h */,
				AE01790520D8DDF000AAF9AB /* UIButton+SGImagePosition.m */,
				AE01792620D8DDF000AAF9AB /* UICollectionView+Category.h */,
				AE01790E20D8DDF000AAF9AB /* UICollectionView+Category.m */,
				AE01791520D8DDF000AAF9AB /* UIColor+Hex.h */,
				AE0178FB20D8DDF000AAF9AB /* UIColor+Hex.m */,
				AE01791C20D8DDF000AAF9AB /* UIControl+Category.h */,
				AE01790220D8DDF000AAF9AB /* UIControl+Category.m */,
				AE01791720D8DDF000AAF9AB /* UIImage+Category.h */,
				AE0178F920D8DDF000AAF9AB /* UIImage+Category.m */,
				AE0178FE20D8DDF000AAF9AB /* UIImage+ImageEffects.h */,
				AE01792120D8DDF000AAF9AB /* UIImage+ImageEffects.m */,
				AE01792A20D8DDF000AAF9AB /* UILabel+Attributed.h */,
				AE01790920D8DDF000AAF9AB /* UILabel+Attributed.m */,
				AE0178F720D8DDF000AAF9AB /* UINavigationController+FDFullscreenPopGesture.h */,
				AE01791920D8DDF000AAF9AB /* UINavigationController+FDFullscreenPopGesture.m */,
				AE01791320D8DDF000AAF9AB /* UIPanGestureRecognizer+Category.h */,
				AE0178F420D8DDF000AAF9AB /* UIPanGestureRecognizer+Category.m */,
				AE01791D20D8DDF000AAF9AB /* UISlider+Category.h */,
				AE01790320D8DDF000AAF9AB /* UISlider+Category.m */,
				AE01790020D8DDF000AAF9AB /* UITextField+Category.h */,
				AE01791F20D8DDF000AAF9AB /* UITextField+Category.m */,
				AE01791620D8DDF000AAF9AB /* UITextView+Placeholder.h */,
				AE0178FA20D8DDF000AAF9AB /* UITextView+Placeholder.m */,
				AE01791E20D8DDF000AAF9AB /* UIView+Category.h */,
				AE01790120D8DDF000AAF9AB /* UIView+Category.m */,
				AE01790620D8DDF000AAF9AB /* UIView+Toast.h */,
				AE01792E20D8DDF000AAF9AB /* UIView+Toast.m */,
				AE01792720D8DDF000AAF9AB /* UIViewController+BackButtonHandler.h */,
				AE01790D20D8DDF000AAF9AB /* UIViewController+BackButtonHandler.m */,
				AE01790720D8DDF000AAF9AB /* UIViewController+Facade.h */,
				AE01792C20D8DDF000AAF9AB /* UIViewController+Facade.m */,
				AE01790420D8DDF000AAF9AB /* UIWindow+Category.h */,
				AE01791B20D8DDF000AAF9AB /* UIWindow+Category.m */,
			);
			path = Category;
			sourceTree = "<group>";
		};
		AE01793020D8DDF000AAF9AB /* Macro */ = {
			isa = PBXGroup;
			children = (
				AE01793120D8DDF000AAF9AB /* RunsMacroConstant.h */,
			);
			path = Macro;
			sourceTree = "<group>";
		};
		AE01793220D8DDF000AAF9AB /* API */ = {
			isa = PBXGroup;
			children = (
				AE0179FA20D8F90200AAF9AB /* RunsDeviceInfo.h */,
				AE0179FB20D8F90200AAF9AB /* RunsDeviceInfo.m */,
				AE01793F20D8DDF000AAF9AB /* BFMission.h */,
				AE01796E20D8DDF000AAF9AB /* BFMission.m */,
				AE01794520D8DDF000AAF9AB /* BFTimer.h */,
				AE01795720D8DDF000AAF9AB /* BFTimer.m */,
				AE01797020D8DDF000AAF9AB /* BFWorker.h */,
				AE01794620D8DDF000AAF9AB /* BFWorker.m */,
				AE01794720D8DDF000AAF9AB /* EasyObserver.h */,
				AE01796F20D8DDF000AAF9AB /* EasyObserver.m */,
				AE01796620D8DDF000AAF9AB /* Extension-Objc */,
				AE01794A20D8DDF000AAF9AB /* GKSimpleAPI.h */,
				AE01797120D8DDF000AAF9AB /* GKSimpleAPI.m */,
				AE01794D20D8DDF000AAF9AB /* Http */,
				AE01797220D8DDF000AAF9AB /* HYClipIcon */,
				AE01794020D8DDF000AAF9AB /* Net */,
				AE01794C20D8DDF000AAF9AB /* Reachability.h */,
				AE01793320D8DDF000AAF9AB /* Reachability.m */,
				AE01794920D8DDF000AAF9AB /* RunsAttributesLabel.h */,
				AE01797720D8DDF000AAF9AB /* RunsAttributesLabel.m */,
				AE01793420D8DDF000AAF9AB /* RunsExpandButton.h */,
				AE01794B20D8DDF000AAF9AB /* RunsExpandButton.m */,
				AE01795D20D8DDF000AAF9AB /* TargetAction */,
				AE01795820D8DDF000AAF9AB /* View */,
			);
			path = API;
			sourceTree = "<group>";
		};
		AE01794020D8DDF000AAF9AB /* Net */ = {
			isa = PBXGroup;
			children = (
				AE01794120D8DDF000AAF9AB /* RunsNetworkMonitor.m */,
				AE01794220D8DDF000AAF9AB /* RunsNetSpeedMeasurer.m */,
				AE01794320D8DDF000AAF9AB /* RunsNetworkMonitor.h */,
				AE01794420D8DDF000AAF9AB /* RunsNetSpeedMeasurer.h */,
			);
			path = Net;
			sourceTree = "<group>";
		};
		AE01794D20D8DDF000AAF9AB /* Http */ = {
			isa = PBXGroup;
			children = (
				AE01794E20D8DDF000AAF9AB /* RunsHttpAssistant.h */,
				AE01794F20D8DDF000AAF9AB /* RunsHttpSessionProxy.m */,
				AE01795020D8DDF000AAF9AB /* RunsHttpSessionResponse.h */,
				AE01795120D8DDF000AAF9AB /* RunsHttpDownloadSession.h */,
				AE01795220D8DDF000AAF9AB /* RunsHttpSessionProtocol.h */,
				AE01795320D8DDF000AAF9AB /* RunsHttpSessionProxy.h */,
				AE01795420D8DDF000AAF9AB /* RunsHttpAssistant.m */,
				AE01795520D8DDF000AAF9AB /* RunsHttpDownloadSession.m */,
				AE01795620D8DDF000AAF9AB /* RunsHttpSessionResponse.m */,
			);
			path = Http;
			sourceTree = "<group>";
		};
		AE01795820D8DDF000AAF9AB /* View */ = {
			isa = PBXGroup;
			children = (
				AE01795C20D8DDF000AAF9AB /* ZFBrightnessView.h */,
				AE01795A20D8DDF000AAF9AB /* ZFBrightnessView.m */,
				AE017A4420D90BF100AAF9AB /* runs_brightness.png */,
				AE01795B20D8DDF000AAF9AB /* ZFProgressView.h */,
				AE01795920D8DDF000AAF9AB /* ZFProgressView.m */,
			);
			path = View;
			sourceTree = "<group>";
		};
		AE01795D20D8DDF000AAF9AB /* TargetAction */ = {
			isa = PBXGroup;
			children = (
				AE017A0A20D8F9CC00AAF9AB /* UIView+TargetAction.h */,
				AE017A0B20D8F9CC00AAF9AB /* UIView+TargetAction.m */,
				AE01796320D8DDF000AAF9AB /* NSObject+CommandForwarding.h */,
				AE01795E20D8DDF000AAF9AB /* NSObject+CommandForwarding.m */,
				AE01796020D8DDF000AAF9AB /* RunsCommandForwardingEngine.h */,
				AE01796520D8DDF000AAF9AB /* RunsCommandForwardingEngine.m */,
				AE01796220D8DDF000AAF9AB /* RunsCommandForwardingEngineProtocol.h */,
				AE01796120D8DDF000AAF9AB /* RunsTargetActionEngine.h */,
				AE01796420D8DDF000AAF9AB /* RunsTargetActionEngine.m */,
				AE01795F20D8DDF000AAF9AB /* RunsTargetActionEngineProtocol.h */,
			);
			path = TargetAction;
			sourceTree = "<group>";
		};
		AE01796620D8DDF000AAF9AB /* Extension-Objc */ = {
			isa = PBXGroup;
			children = (
				AE0179F720D8F73F00AAF9AB /* RunsObjectSingleton.h */,
				AE0179F620D8F73F00AAF9AB /* RunsObjectSingleton.m */,
				AE01796820D8DDF000AAF9AB /* Ext-Objc.h */,
				AE01796D20D8DDF000AAF9AB /* EXTCoroutine.h */,
				AE01796C20D8DDF000AAF9AB /* EXTScope.h */,
				AE01796A20D8DDF000AAF9AB /* EXTScope.m */,
				AE01796920D8DDF000AAF9AB /* metamacros.h */,
				AE01796B20D8DDF000AAF9AB /* PKProtocolExtension.h */,
				AE01796720D8DDF000AAF9AB /* PKProtocolExtension.m */,
			);
			path = "Extension-Objc";
			sourceTree = "<group>";
		};
		AE01797220D8DDF000AAF9AB /* HYClipIcon */ = {
			isa = PBXGroup;
			children = (
				AE01797320D8DDF000AAF9AB /* HYMaskView.m */,
				AE01797420D8DDF000AAF9AB /* HYClipIconViewController.h */,
				AE01797520D8DDF000AAF9AB /* HYClipIconViewController.m */,
				AE01797620D8DDF000AAF9AB /* HYMaskView.h */,
			);
			path = HYClipIcon;
			sourceTree = "<group>";
		};
/* End PBXGroup section */

/* Begin PBXHeadersBuildPhase section */
		AE0178E320D8DDA600AAF9AB /* Headers */ = {
			isa = PBXHeadersBuildPhase;
			buildActionMask = 2147483647;
			files = (
				AE0179CB20D8DDF000AAF9AB /* RunsAttributesLabel.h in Headers */,
				AE01798D20D8DDF000AAF9AB /* UIViewController+Facade.h in Headers */,
				AE0179F920D8F73F00AAF9AB /* RunsObjectSingleton.h in Headers */,
				AE0179B620D8DDF000AAF9AB /* RunsMacroConstant.h in Headers */,
				AE0179E120D8DDF000AAF9AB /* RunsCommandForwardingEngineProtocol.h in Headers */,
				AE0179DF20D8DDF000AAF9AB /* RunsCommandForwardingEngine.h in Headers */,
				AE01799E20D8DDF000AAF9AB /* NSObject+RuntimeLog.h in Headers */,
				AE0179DC20D8DDF000AAF9AB /* ZFBrightnessView.h in Headers */,
				AE0179C220D8DDF000AAF9AB /* BFMission.h in Headers */,
				AE01797B20D8DDF000AAF9AB /* NSString+Category.h in Headers */,
				AE0179A220D8DDF000AAF9AB /* UIControl+Category.h in Headers */,
				AE017A0C20D8F9CC00AAF9AB /* UIView+TargetAction.h in Headers */,
				AE0179EA20D8DDF000AAF9AB /* EXTScope.h in Headers */,
				AE0179E220D8DDF000AAF9AB /* NSObject+CommandForwarding.h in Headers */,
				AE0179DB20D8DDF000AAF9AB /* ZFProgressView.h in Headers */,
				AE0179A420D8DDF000AAF9AB /* UIView+Category.h in Headers */,
				AE0179AD20D8DDF000AAF9AB /* UIViewController+BackButtonHandler.h in Headers */,
				AE0179B020D8DDF000AAF9AB /* UILabel+Attributed.h in Headers */,
				AE0179E620D8DDF000AAF9AB /* Ext-Objc.h in Headers */,
				AE01799D20D8DDF000AAF9AB /* UIImage+Category.h in Headers */,
				AE017A0620D8F95600AAF9AB /* NSObject+Observer.h in Headers */,
				AE0179E920D8DDF000AAF9AB /* PKProtocolExtension.h in Headers */,
				AE01799A20D8DDF000AAF9AB /* NSMutableDictionary+SafeSet.h in Headers */,
				AE0179C620D8DDF000AAF9AB /* RunsNetSpeedMeasurer.h in Headers */,
				AE01799C20D8DDF000AAF9AB /* UITextView+Placeholder.h in Headers */,
				AE0179C720D8DDF000AAF9AB /* BFTimer.h in Headers */,
				AE017A0820D8F95600AAF9AB /* NSObject+Observation.h in Headers */,
				AE0179CC20D8DDF000AAF9AB /* GKSimpleAPI.h in Headers */,
				AE0179B120D8DDF000AAF9AB /* UIAlertController+Category.h in Headers */,
				AE0179A320D8DDF000AAF9AB /* UISlider+Category.h in Headers */,
				AE0179CE20D8DDF000AAF9AB /* Reachability.h in Headers */,
				AE01798A20D8DDF000AAF9AB /* UIWindow+Category.h in Headers */,
				AE01798420D8DDF000AAF9AB /* UIImage+ImageEffects.h in Headers */,
				AE0179FC20D8F90300AAF9AB /* RunsDeviceInfo.h in Headers */,
				AE0179D320D8DDF000AAF9AB /* RunsHttpSessionProtocol.h in Headers */,
				AE0179B320D8DDF000AAF9AB /* NSIndexPath+Category.h in Headers */,
				AE0179AC20D8DDF000AAF9AB /* UICollectionView+Category.h in Headers */,
				AE01799920D8DDF000AAF9AB /* UIPanGestureRecognizer+Category.h in Headers */,
				AE0179E720D8DDF000AAF9AB /* metamacros.h in Headers */,
				AE01798C20D8DDF000AAF9AB /* UIView+Toast.h in Headers */,
				AE01797D20D8DDF000AAF9AB /* UINavigationController+FDFullscreenPopGesture.h in Headers */,
				AE0179D420D8DDF000AAF9AB /* RunsHttpSessionProxy.h in Headers */,
				AE01797C20D8DDF000AAF9AB /* NSString+Assistant.h in Headers */,
				AE0179F120D8DDF000AAF9AB /* HYClipIconViewController.h in Headers */,
				AE0179EE20D8DDF000AAF9AB /* BFWorker.h in Headers */,
				AE01799520D8DDF000AAF9AB /* NSURLSessionTask+Category.h in Headers */,
				AE0179CF20D8DDF000AAF9AB /* RunsHttpAssistant.h in Headers */,
				AE0179AE20D8DDF000AAF9AB /* NSDate+NSString.h in Headers */,
				AE0179EB20D8DDF000AAF9AB /* EXTCoroutine.h in Headers */,
				AE0179E020D8DDF000AAF9AB /* RunsTargetActionEngine.h in Headers */,
				AE01799B20D8DDF000AAF9AB /* UIColor+Hex.h in Headers */,
				AE01799620D8DDF000AAF9AB /* NSArray+Format.h in Headers */,
				AE0179F320D8DDF000AAF9AB /* HYMaskView.h in Headers */,
				AE0179D220D8DDF000AAF9AB /* RunsHttpDownloadSession.h in Headers */,
				AE0179A620D8DDF000AAF9AB /* UIButton+Category.h in Headers */,
				AE0179D120D8DDF000AAF9AB /* RunsHttpSessionResponse.h in Headers */,
				AE0179C920D8DDF000AAF9AB /* EasyObserver.h in Headers */,
				AE0179B820D8DDF000AAF9AB /* RunsExpandButton.h in Headers */,
				AE0179AF20D8DDF000AAF9AB /* NSString+NSURL_FOR_HTTP.h in Headers */,
				AE0179A020D8DDF000AAF9AB /* UIButton+SGImagePosition.h in Headers */,
				AE0179A920D8DDF000AAF9AB /* UIApplication+Facade.h in Headers */,
				AE01798620D8DDF000AAF9AB /* UITextField+Category.h in Headers */,
				AE0179C520D8DDF000AAF9AB /* RunsNetworkMonitor.h in Headers */,
				AE0179DE20D8DDF000AAF9AB /* RunsTargetActionEngineProtocol.h in Headers */,
				AE017A0920D8F95600AAF9AB /* NSOperationQueue+Category.h in Headers */,
				AE0178EB20D8DDA600AAF9AB /* UniversalApi.h in Headers */,
				AE0179B520D8DDF000AAF9AB /* Runs.h in Headers */,
			);
			runOnlyForDeploymentPostprocessing = 0;
		};
/* End PBXHeadersBuildPhase section */

/* Begin PBXNativeTarget section */
		AE0178E520D8DDA600AAF9AB /* UniversalApi */ = {
			isa = PBXNativeTarget;
			buildConfigurationList = AE0178EE20D8DDA600AAF9AB /* Build configuration list for PBXNativeTarget "UniversalApi" */;
			buildPhases = (
				AE0178E120D8DDA600AAF9AB /* Sources */,
				AE0178E220D8DDA600AAF9AB /* Frameworks */,
				AE0178E320D8DDA600AAF9AB /* Headers */,
				AE0178E420D8DDA600AAF9AB /* Resources */,
			);
			buildRules = (
			);
			dependencies = (
			);
			name = UniversalApi;
			productName = "Universal-API";
			productReference = AE0178E620D8DDA600AAF9AB /* UniversalApi.framework */;
			productType = "com.apple.product-type.framework";
		};
/* End PBXNativeTarget section */

/* Begin PBXProject section */
		AE0178DD20D8DDA600AAF9AB /* Project object */ = {
			isa = PBXProject;
			attributes = {
				LastUpgradeCheck = 0940;
				ORGANIZATIONNAME = Runs;
				TargetAttributes = {
					AE0178E520D8DDA600AAF9AB = {
						CreatedOnToolsVersion = 9.4.1;
					};
				};
			};
			buildConfigurationList = AE0178E020D8DDA600AAF9AB /* Build configuration list for PBXProject "UniversalApi" */;
			compatibilityVersion = "Xcode 9.3";
			developmentRegion = en;
			hasScannedForEncodings = 0;
			knownRegions = (
				en,
			);
			mainGroup = AE0178DC20D8DDA600AAF9AB;
			productRefGroup = AE0178E720D8DDA600AAF9AB /* Products */;
			projectDirPath = "";
			projectRoot = "";
			targets = (
				AE0178E520D8DDA600AAF9AB /* UniversalApi */,
			);
		};
/* End PBXProject section */

/* Begin PBXResourcesBuildPhase section */
		AE0178E420D8DDA600AAF9AB /* Resources */ = {
			isa = PBXResourcesBuildPhase;
			buildActionMask = 2147483647;
			files = (
				AE017A4520D90BF100AAF9AB /* runs_brightness.png in Resources */,
			);
			runOnlyForDeploymentPostprocessing = 0;
		};
/* End PBXResourcesBuildPhase section */

/* Begin PBXSourcesBuildPhase section */
		AE0178E120D8DDA600AAF9AB /* Sources */ = {
			isa = PBXSourcesBuildPhase;
			buildActionMask = 2147483647;
			files = (
				AE01797E20D8DDF000AAF9AB /* NSObject+RuntimeLog.m in Sources */,
				AE0179C420D8DDF000AAF9AB /* RunsNetSpeedMeasurer.m in Sources */,
				AE01799220D8DDF000AAF9AB /* NSString+NSURL_FOR_HTTP.m in Sources */,
				AE0179E420D8DDF000AAF9AB /* RunsCommandForwardingEngine.m in Sources */,
				AE01798F20D8DDF000AAF9AB /* UILabel+Attributed.m in Sources */,
				AE01798320D8DDF000AAF9AB /* UIApplication+Facade.m in Sources */,
				AE0179DA20D8DDF000AAF9AB /* ZFBrightnessView.m in Sources */,
				AE0179DD20D8DDF000AAF9AB /* NSObject+CommandForwarding.m in Sources */,
				AE017A0720D8F95600AAF9AB /* NSObject+Observer.m in Sources */,
				AE01798520D8DDF000AAF9AB /* UIButton+Category.m in Sources */,
				AE0179F020D8DDF000AAF9AB /* HYMaskView.m in Sources */,
				AE01798120D8DDF000AAF9AB /* UIColor+Hex.m in Sources */,
				AE01797920D8DDF000AAF9AB /* NSMutableDictionary+SafeSet.m in Sources */,
				AE0179A520D8DDF000AAF9AB /* UITextField+Category.m in Sources */,
				AE01799320D8DDF000AAF9AB /* UIViewController+BackButtonHandler.m in Sources */,
				AE01797A20D8DDF000AAF9AB /* UIPanGestureRecognizer+Category.m in Sources */,
				AE0179ED20D8DDF000AAF9AB /* EasyObserver.m in Sources */,
				AE0179CD20D8DDF000AAF9AB /* RunsExpandButton.m in Sources */,
				AE0179B720D8DDF000AAF9AB /* Reachability.m in Sources */,
				AE01799120D8DDF000AAF9AB /* NSDate+NSString.m in Sources */,
				AE0179D620D8DDF000AAF9AB /* RunsHttpDownloadSession.m in Sources */,
				AE01799720D8DDF000AAF9AB /* NSString+Assistant.m in Sources */,
				AE0179F420D8DDF000AAF9AB /* RunsAttributesLabel.m in Sources */,
				AE0179AA20D8DDF000AAF9AB /* NSArray+Format.m in Sources */,
				AE0179E820D8DDF000AAF9AB /* EXTScope.m in Sources */,
				AE017A0D20D8F9CC00AAF9AB /* UIView+TargetAction.m in Sources */,
				AE017A0520D8F95600AAF9AB /* NSObject+Observation.m in Sources */,
				AE01798820D8DDF000AAF9AB /* UIControl+Category.m in Sources */,
				AE0179A720D8DDF000AAF9AB /* UIImage+ImageEffects.m in Sources */,
				AE0179A120D8DDF000AAF9AB /* UIWindow+Category.m in Sources */,
				AE0179F220D8DDF000AAF9AB /* HYClipIconViewController.m in Sources */,
				AE0179D020D8DDF000AAF9AB /* RunsHttpSessionProxy.m in Sources */,
				AE0179D720D8DDF000AAF9AB /* RunsHttpSessionResponse.m in Sources */,
				AE01799420D8DDF000AAF9AB /* UICollectionView+Category.m in Sources */,
				AE0179E520D8DDF000AAF9AB /* PKProtocolExtension.m in Sources */,
				AE0179B420D8DDF000AAF9AB /* UIView+Toast.m in Sources */,
				AE01798E20D8DDF000AAF9AB /* NSIndexPath+Category.m in Sources */,
				AE0179D820D8DDF000AAF9AB /* BFTimer.m in Sources */,
				AE0179FD20D8F90300AAF9AB /* RunsDeviceInfo.m in Sources */,
				AE01799F20D8DDF000AAF9AB /* UINavigationController+FDFullscreenPopGesture.m in Sources */,
				AE01799020D8DDF000AAF9AB /* UIAlertController+Category.m in Sources */,
				AE0179B220D8DDF000AAF9AB /* UIViewController+Facade.m in Sources */,
				AE017A0420D8F95600AAF9AB /* NSOperationQueue+Category.m in Sources */,
				AE01798920D8DDF000AAF9AB /* UISlider+Category.m in Sources */,
				AE01798020D8DDF000AAF9AB /* UITextView+Placeholder.m in Sources */,
				AE01798720D8DDF000AAF9AB /* UIView+Category.m in Sources */,
				AE0179E320D8DDF000AAF9AB /* RunsTargetActionEngine.m in Sources */,
				AE0179C820D8DDF000AAF9AB /* BFWorker.m in Sources */,
				AE0179F820D8F73F00AAF9AB /* RunsObjectSingleton.m in Sources */,
				AE0179EC20D8DDF000AAF9AB /* BFMission.m in Sources */,
				AE0179C320D8DDF000AAF9AB /* RunsNetworkMonitor.m in Sources */,
				AE0179D920D8DDF000AAF9AB /* ZFProgressView.m in Sources */,
				AE0179EF20D8DDF000AAF9AB /* GKSimpleAPI.m in Sources */,
				AE0179D520D8DDF000AAF9AB /* RunsHttpAssistant.m in Sources */,
				AE01799820D8DDF000AAF9AB /* NSString+Category.m in Sources */,
				AE01797F20D8DDF000AAF9AB /* UIImage+Category.m in Sources */,
				AE0179AB20D8DDF000AAF9AB /* NSURLSessionTask+Category.m in Sources */,
				AE01798B20D8DDF000AAF9AB /* UIButton+SGImagePosition.m in Sources */,
			);
			runOnlyForDeploymentPostprocessing = 0;
		};
/* End PBXSourcesBuildPhase section */

/* Begin XCBuildConfiguration section */
		AE0178EC20D8DDA600AAF9AB /* Debug */ = {
			isa = XCBuildConfiguration;
			buildSettings = {
				ALWAYS_SEARCH_USER_PATHS = NO;
				CLANG_ANALYZER_NONNULL = YES;
				CLANG_ANALYZER_NUMBER_OBJECT_CONVERSION = YES_AGGRESSIVE;
				CLANG_CXX_LANGUAGE_STANDARD = "gnu++14";
				CLANG_CXX_LIBRARY = "libc++";
				CLANG_ENABLE_MODULES = YES;
				CLANG_ENABLE_OBJC_ARC = YES;
				CLANG_ENABLE_OBJC_WEAK = YES;
				CLANG_WARN_BLOCK_CAPTURE_AUTORELEASING = YES;
				CLANG_WARN_BOOL_CONVERSION = YES;
				CLANG_WARN_COMMA = YES;
				CLANG_WARN_CONSTANT_CONVERSION = YES;
				CLANG_WARN_DEPRECATED_OBJC_IMPLEMENTATIONS = YES;
				CLANG_WARN_DIRECT_OBJC_ISA_USAGE = YES_ERROR;
				CLANG_WARN_DOCUMENTATION_COMMENTS = YES;
				CLANG_WARN_EMPTY_BODY = YES;
				CLANG_WARN_ENUM_CONVERSION = YES;
				CLANG_WARN_INFINITE_RECURSION = YES;
				CLANG_WARN_INT_CONVERSION = YES;
				CLANG_WARN_NON_LITERAL_NULL_CONVERSION = YES;
				CLANG_WARN_OBJC_IMPLICIT_RETAIN_SELF = YES;
				CLANG_WARN_OBJC_LITERAL_CONVERSION = YES;
				CLANG_WARN_OBJC_ROOT_CLASS = YES_ERROR;
				CLANG_WARN_RANGE_LOOP_ANALYSIS = YES;
				CLANG_WARN_STRICT_PROTOTYPES = YES;
				CLANG_WARN_SUSPICIOUS_MOVE = YES;
				CLANG_WARN_UNGUARDED_AVAILABILITY = YES_AGGRESSIVE;
				CLANG_WARN_UNREACHABLE_CODE = YES;
				CLANG_WARN__DUPLICATE_METHOD_MATCH = YES;
				CODE_SIGN_IDENTITY = "iPhone Developer";
				COPY_PHASE_STRIP = NO;
				CURRENT_PROJECT_VERSION = 1;
				DEBUG_INFORMATION_FORMAT = dwarf;
				ENABLE_STRICT_OBJC_MSGSEND = YES;
				ENABLE_TESTABILITY = YES;
				GCC_C_LANGUAGE_STANDARD = gnu11;
				GCC_DYNAMIC_NO_PIC = NO;
				GCC_NO_COMMON_BLOCKS = YES;
				GCC_OPTIMIZATION_LEVEL = 0;
				GCC_PREPROCESSOR_DEFINITIONS = (
					"DEBUG=1",
					"$(inherited)",
				);
				GCC_WARN_64_TO_32_BIT_CONVERSION = YES;
				GCC_WARN_ABOUT_RETURN_TYPE = YES_ERROR;
				GCC_WARN_UNDECLARED_SELECTOR = YES;
				GCC_WARN_UNINITIALIZED_AUTOS = YES_AGGRESSIVE;
				GCC_WARN_UNUSED_FUNCTION = YES;
				GCC_WARN_UNUSED_VARIABLE = YES;
				IPHONEOS_DEPLOYMENT_TARGET = 8.0;
				MTL_ENABLE_DEBUG_INFO = YES;
				ONLY_ACTIVE_ARCH = YES;
				SDKROOT = iphoneos;
				VERSIONING_SYSTEM = "apple-generic";
				VERSION_INFO_PREFIX = "";
			};
			name = Debug;
		};
		AE0178ED20D8DDA600AAF9AB /* Release */ = {
			isa = XCBuildConfiguration;
			buildSettings = {
				ALWAYS_SEARCH_USER_PATHS = NO;
				CLANG_ANALYZER_NONNULL = YES;
				CLANG_ANALYZER_NUMBER_OBJECT_CONVERSION = YES_AGGRESSIVE;
				CLANG_CXX_LANGUAGE_STANDARD = "gnu++14";
				CLANG_CXX_LIBRARY = "libc++";
				CLANG_ENABLE_MODULES = YES;
				CLANG_ENABLE_OBJC_ARC = YES;
				CLANG_ENABLE_OBJC_WEAK = YES;
				CLANG_WARN_BLOCK_CAPTURE_AUTORELEASING = YES;
				CLANG_WARN_BOOL_CONVERSION = YES;
				CLANG_WARN_COMMA = YES;
				CLANG_WARN_CONSTANT_CONVERSION = YES;
				CLANG_WARN_DEPRECATED_OBJC_IMPLEMENTATIONS = YES;
				CLANG_WARN_DIRECT_OBJC_ISA_USAGE = YES_ERROR;
				CLANG_WARN_DOCUMENTATION_COMMENTS = YES;
				CLANG_WARN_EMPTY_BODY = YES;
				CLANG_WARN_ENUM_CONVERSION = YES;
				CLANG_WARN_INFINITE_RECURSION = YES;
				CLANG_WARN_INT_CONVERSION = YES;
				CLANG_WARN_NON_LITERAL_NULL_CONVERSION = YES;
				CLANG_WARN_OBJC_IMPLICIT_RETAIN_SELF = YES;
				CLANG_WARN_OBJC_LITERAL_CONVERSION = YES;
				CLANG_WARN_OBJC_ROOT_CLASS = YES_ERROR;
				CLANG_WARN_RANGE_LOOP_ANALYSIS = YES;
				CLANG_WARN_STRICT_PROTOTYPES = YES;
				CLANG_WARN_SUSPICIOUS_MOVE = YES;
				CLANG_WARN_UNGUARDED_AVAILABILITY = YES_AGGRESSIVE;
				CLANG_WARN_UNREACHABLE_CODE = YES;
				CLANG_WARN__DUPLICATE_METHOD_MATCH = YES;
				CODE_SIGN_IDENTITY = "iPhone Developer";
				COPY_PHASE_STRIP = NO;
				CURRENT_PROJECT_VERSION = 1;
				DEBUG_INFORMATION_FORMAT = "dwarf-with-dsym";
				ENABLE_NS_ASSERTIONS = NO;
				ENABLE_STRICT_OBJC_MSGSEND = YES;
				GCC_C_LANGUAGE_STANDARD = gnu11;
				GCC_NO_COMMON_BLOCKS = YES;
				GCC_WARN_64_TO_32_BIT_CONVERSION = YES;
				GCC_WARN_ABOUT_RETURN_TYPE = YES_ERROR;
				GCC_WARN_UNDECLARED_SELECTOR = YES;
				GCC_WARN_UNINITIALIZED_AUTOS = YES_AGGRESSIVE;
				GCC_WARN_UNUSED_FUNCTION = YES;
				GCC_WARN_UNUSED_VARIABLE = YES;
				IPHONEOS_DEPLOYMENT_TARGET = 8.0;
				MTL_ENABLE_DEBUG_INFO = NO;
				SDKROOT = iphoneos;
				VALIDATE_PRODUCT = YES;
				VERSIONING_SYSTEM = "apple-generic";
				VERSION_INFO_PREFIX = "";
			};
			name = Release;
		};
		AE0178EF20D8DDA600AAF9AB /* Debug */ = {
			isa = XCBuildConfiguration;
			buildSettings = {
				CODE_SIGN_IDENTITY = "";
				CODE_SIGN_STYLE = Automatic;
				DEFINES_MODULE = YES;
				DEVELOPMENT_TEAM = 8ZW2NN4PTY;
				DYLIB_COMPATIBILITY_VERSION = 1;
				DYLIB_CURRENT_VERSION = 1;
				DYLIB_INSTALL_NAME_BASE = "@rpath";
				ENABLE_STRICT_OBJC_MSGSEND = NO;
				INFOPLIST_FILE = UniversalApi/Info.plist;
				INSTALL_PATH = "$(LOCAL_LIBRARY_DIR)/Frameworks";
				LD_RUNPATH_SEARCH_PATHS = (
					"$(inherited)",
					"@executable_path/Frameworks",
					"@loader_path/Frameworks",
				);
				MODULEMAP_FILE = "";
				OTHER_CFLAGS = "-fembed-bitcode";
				OTHER_LDFLAGS = "-all_load";
				PRODUCT_BUNDLE_IDENTIFIER = com.runs.UniversalApi;
				PRODUCT_NAME = "$(TARGET_NAME:c99extidentifier)";
				SKIP_INSTALL = YES;
				TARGETED_DEVICE_FAMILY = "1,2";
			};
			name = Debug;
		};
		AE0178F020D8DDA600AAF9AB /* Release */ = {
			isa = XCBuildConfiguration;
			buildSettings = {
				CODE_SIGN_IDENTITY = "";
				CODE_SIGN_STYLE = Automatic;
				DEFINES_MODULE = YES;
				DEVELOPMENT_TEAM = 8ZW2NN4PTY;
				DYLIB_COMPATIBILITY_VERSION = 1;
				DYLIB_CURRENT_VERSION = 1;
				DYLIB_INSTALL_NAME_BASE = "@rpath";
				ENABLE_STRICT_OBJC_MSGSEND = NO;
				INFOPLIST_FILE = UniversalApi/Info.plist;
				INSTALL_PATH = "$(LOCAL_LIBRARY_DIR)/Frameworks";
				LD_RUNPATH_SEARCH_PATHS = (
					"$(inherited)",
					"@executable_path/Frameworks",
					"@loader_path/Frameworks",
				);
				MODULEMAP_FILE = "";
				OTHER_CFLAGS = "-fembed-bitcode";
				OTHER_LDFLAGS = "-all_load";
				PRODUCT_BUNDLE_IDENTIFIER = com.runs.UniversalApi;
				PRODUCT_NAME = "$(TARGET_NAME:c99extidentifier)";
				SKIP_INSTALL = YES;
				TARGETED_DEVICE_FAMILY = "1,2";
			};
			name = Release;
		};
/* End XCBuildConfiguration section */

/* Begin XCConfigurationList section */
		AE0178E020D8DDA600AAF9AB /* Build configuration list for PBXProject "UniversalApi" */ = {
			isa = XCConfigurationList;
			buildConfigurations = (
				AE0178EC20D8DDA600AAF9AB /* Debug */,
				AE0178ED20D8DDA600AAF9AB /* Release */,
			);
			defaultConfigurationIsVisible = 0;
			defaultConfigurationName = Release;
		};
		AE0178EE20D8DDA600AAF9AB /* Build configuration list for PBXNativeTarget "UniversalApi" */ = {
			isa = XCConfigurationList;
			buildConfigurations = (
				AE0178EF20D8DDA600AAF9AB /* Debug */,
				AE0178F020D8DDA600AAF9AB /* Release */,
			);
			defaultConfigurationIsVisible = 0;
			defaultConfigurationName = Release;
		};
/* End XCConfigurationList section */
	};
	rootObject = AE0178DD20D8DDA600AAF9AB /* Project object */;
}
